# This file is automatically @generated by Poetry and should not be changed by hand.

[[package]]
name = "black"
version = "23.1.0"
description = "The uncompromising code formatter."
category = "dev"
optional = false
python-versions = ">=3.7"
files = [
    {file = "black-23.1.0-cp310-cp310-macosx_10_16_arm64.whl", hash = "sha256:b6a92a41ee34b883b359998f0c8e6eb8e99803aa8bf3123bf2b2e6fec505a221"},
    {file = "black-23.1.0-cp310-cp310-macosx_10_16_universal2.whl", hash = "sha256:57c18c5165c1dbe291d5306e53fb3988122890e57bd9b3dcb75f967f13411a26"},
    {file = "black-23.1.0-cp310-cp310-macosx_10_16_x86_64.whl", hash = "sha256:9880d7d419bb7e709b37e28deb5e68a49227713b623c72b2b931028ea65f619b"},
    {file = "black-23.1.0-cp310-cp310-manylinux_2_17_x86_64.manylinux2014_x86_64.whl", hash = "sha256:e6663f91b6feca5d06f2ccd49a10f254f9298cc1f7f49c46e498a0771b507104"},
    {file = "black-23.1.0-cp310-cp310-win_amd64.whl", hash = "sha256:9afd3f493666a0cd8f8df9a0200c6359ac53940cbde049dcb1a7eb6ee2dd7074"},
    {file = "black-23.1.0-cp311-cp311-macosx_10_16_arm64.whl", hash = "sha256:bfffba28dc52a58f04492181392ee380e95262af14ee01d4bc7bb1b1c6ca8d27"},
    {file = "black-23.1.0-cp311-cp311-macosx_10_16_universal2.whl", hash = "sha256:c1c476bc7b7d021321e7d93dc2cbd78ce103b84d5a4cf97ed535fbc0d6660648"},
    {file = "black-23.1.0-cp311-cp311-macosx_10_16_x86_64.whl", hash = "sha256:382998821f58e5c8238d3166c492139573325287820963d2f7de4d518bd76958"},
    {file = "black-23.1.0-cp311-cp311-manylinux_2_17_x86_64.manylinux2014_x86_64.whl", hash = "sha256:2bf649fda611c8550ca9d7592b69f0637218c2369b7744694c5e4902873b2f3a"},
    {file = "black-23.1.0-cp311-cp311-win_amd64.whl", hash = "sha256:121ca7f10b4a01fd99951234abdbd97728e1240be89fde18480ffac16503d481"},
    {file = "black-23.1.0-cp37-cp37m-macosx_10_16_x86_64.whl", hash = "sha256:a8471939da5e824b891b25751955be52ee7f8a30a916d570a5ba8e0f2eb2ecad"},
    {file = "black-23.1.0-cp37-cp37m-manylinux_2_17_x86_64.manylinux2014_x86_64.whl", hash = "sha256:8178318cb74f98bc571eef19068f6ab5613b3e59d4f47771582f04e175570ed8"},
    {file = "black-23.1.0-cp37-cp37m-win_amd64.whl", hash = "sha256:a436e7881d33acaf2536c46a454bb964a50eff59b21b51c6ccf5a40601fbef24"},
    {file = "black-23.1.0-cp38-cp38-macosx_10_16_arm64.whl", hash = "sha256:a59db0a2094d2259c554676403fa2fac3473ccf1354c1c63eccf7ae65aac8ab6"},
    {file = "black-23.1.0-cp38-cp38-macosx_10_16_universal2.whl", hash = "sha256:0052dba51dec07ed029ed61b18183942043e00008ec65d5028814afaab9a22fd"},
    {file = "black-23.1.0-cp38-cp38-macosx_10_16_x86_64.whl", hash = "sha256:49f7b39e30f326a34b5c9a4213213a6b221d7ae9d58ec70df1c4a307cf2a1580"},
    {file = "black-23.1.0-cp38-cp38-manylinux_2_17_x86_64.manylinux2014_x86_64.whl", hash = "sha256:162e37d49e93bd6eb6f1afc3e17a3d23a823042530c37c3c42eeeaf026f38468"},
    {file = "black-23.1.0-cp38-cp38-win_amd64.whl", hash = "sha256:8b70eb40a78dfac24842458476135f9b99ab952dd3f2dab738c1881a9b38b753"},
    {file = "black-23.1.0-cp39-cp39-macosx_10_16_arm64.whl", hash = "sha256:a29650759a6a0944e7cca036674655c2f0f63806ddecc45ed40b7b8aa314b651"},
    {file = "black-23.1.0-cp39-cp39-macosx_10_16_universal2.whl", hash = "sha256:bb460c8561c8c1bec7824ecbc3ce085eb50005883a6203dcfb0122e95797ee06"},
    {file = "black-23.1.0-cp39-cp39-macosx_10_16_x86_64.whl", hash = "sha256:c91dfc2c2a4e50df0026f88d2215e166616e0c80e86004d0003ece0488db2739"},
    {file = "black-23.1.0-cp39-cp39-manylinux_2_17_x86_64.manylinux2014_x86_64.whl", hash = "sha256:2a951cc83ab535d248c89f300eccbd625e80ab880fbcfb5ac8afb5f01a258ac9"},
    {file = "black-23.1.0-cp39-cp39-win_amd64.whl", hash = "sha256:0680d4380db3719ebcfb2613f34e86c8e6d15ffeabcf8ec59355c5e7b85bb555"},
    {file = "black-23.1.0-py3-none-any.whl", hash = "sha256:7a0f701d314cfa0896b9001df70a530eb2472babb76086344e688829efd97d32"},
    {file = "black-23.1.0.tar.gz", hash = "sha256:b0bd97bea8903f5a2ba7219257a44e3f1f9d00073d6cc1add68f0beec69692ac"},
]

[package.dependencies]
click = ">=8.0.0"
mypy-extensions = ">=0.4.3"
packaging = ">=22.0"
pathspec = ">=0.9.0"
platformdirs = ">=2"
tomli = {version = ">=1.1.0", markers = "python_version < \"3.11\""}

[package.extras]
colorama = ["colorama (>=0.4.3)"]
d = ["aiohttp (>=3.7.4)"]
jupyter = ["ipython (>=7.8.0)", "tokenize-rt (>=3.2.0)"]
uvloop = ["uvloop (>=0.15.2)"]

[[package]]
name = "click"
version = "8.1.3"
description = "Composable command line interface toolkit"
category = "dev"
optional = false
python-versions = ">=3.7"
files = [
    {file = "click-8.1.3-py3-none-any.whl", hash = "sha256:bb4d8133cb15a609f44e8213d9b391b0809795062913b383c62be0ee95b1db48"},
    {file = "click-8.1.3.tar.gz", hash = "sha256:7682dc8afb30297001674575ea00d1814d808d6a36af415a82bd481d37ba7b8e"},
]

[package.dependencies]
colorama = {version = "*", markers = "platform_system == \"Windows\""}

[[package]]
name = "colorama"
version = "0.4.6"
description = "Cross-platform colored terminal text."
category = "dev"
optional = false
python-versions = "!=3.0.*,!=3.1.*,!=3.2.*,!=3.3.*,!=3.4.*,!=3.5.*,!=3.6.*,>=2.7"
files = [
    {file = "colorama-0.4.6-py2.py3-none-any.whl", hash = "sha256:4f1d9991f5acc0ca119f9d443620b77f9d6b33703e51011c16baf57afb285fc6"},
    {file = "colorama-0.4.6.tar.gz", hash = "sha256:08695f5cb7ed6e0531a20572697297273c47b8cae5a63ffc6d6ed5c201be6e44"},
]

[[package]]
name = "cytoolz"
version = "0.12.1"
description = "Cython implementation of Toolz: High performance functional utilities"
category = "main"
optional = false
python-versions = ">=3.6"
files = [
    {file = "cytoolz-0.12.1-cp310-cp310-macosx_10_9_x86_64.whl", hash = "sha256:5c59bb4ca88e1c69931468bf21f91c8f64d8bf1999eb163b7a2df336f60c304a"},
    {file = "cytoolz-0.12.1-cp310-cp310-macosx_11_0_arm64.whl", hash = "sha256:4d700e011156ff112966c6d77faaae125fcaf538f4cec2b9ce8957de82858f0f"},
    {file = "cytoolz-0.12.1-cp310-cp310-manylinux_2_17_aarch64.manylinux2014_aarch64.whl", hash = "sha256:23c3f57c48eb939d2986eba4aeaeedf930ebf94d58c91a42d4e0fc45ed5427dc"},
    {file = "cytoolz-0.12.1-cp310-cp310-manylinux_2_17_ppc64le.manylinux2014_ppc64le.whl", hash = "sha256:25ff13c468c06da9ef26651dc389e7e8bb7af548f8c1dfb96305f57f18d398a8"},
    {file = "cytoolz-0.12.1-cp310-cp310-manylinux_2_17_s390x.manylinux2014_s390x.whl", hash = "sha256:a734511144309ea6e105406633affb74e303a3df07d8a3954f9b01946e27ecb1"},
    {file = "cytoolz-0.12.1-cp310-cp310-manylinux_2_17_x86_64.manylinux2014_x86_64.whl", hash = "sha256:48bc2f30d1b2646d675bb8e7778ab59379bf9edc59fe06fb0e7f85ba1271bf44"},
    {file = "cytoolz-0.12.1-cp310-cp310-manylinux_2_5_i686.manylinux1_i686.manylinux_2_17_i686.manylinux2014_i686.whl", hash = "sha256:30936ae8fa68b6a1ac8ad6c4bacb5a8a00d51bc6c89f9614a1557b0105d09f8a"},
    {file = "cytoolz-0.12.1-cp310-cp310-musllinux_1_1_aarch64.whl", hash = "sha256:efd1b2da3ee577fcfa723a214f73186aef9674dd5b28242d90443c7a82722b0f"},
    {file = "cytoolz-0.12.1-cp310-cp310-musllinux_1_1_i686.whl", hash = "sha256:6805b007af3557ee6c20dab491b6e55a8177f5b6845d9e6c653374d540366ba7"},
    {file = "cytoolz-0.12.1-cp310-cp310-musllinux_1_1_ppc64le.whl", hash = "sha256:a6e63fc67b23830947b51e0a488992e3c904fce825ead565f3904dcf621d05f7"},
    {file = "cytoolz-0.12.1-cp310-cp310-musllinux_1_1_s390x.whl", hash = "sha256:9e324a94856d88ecf10f34c102d0ded67d7c3cf644153d77e34a29720ce6aa47"},
    {file = "cytoolz-0.12.1-cp310-cp310-musllinux_1_1_x86_64.whl", hash = "sha256:02975e2b1e61e47e9afa311f4c1783d155136fad37c54a1cebfe991c5a0798a1"},
    {file = "cytoolz-0.12.1-cp310-cp310-win32.whl", hash = "sha256:b6569f6038133909cd658dbdcc6fc955f791dc47a7f5b55d2066f742253dcbfe"},
    {file = "cytoolz-0.12.1-cp310-cp310-win_amd64.whl", hash = "sha256:1be368623e46ad3c1ce807e7a436acb119c26001507b31f92ceb21b86e08c386"},
    {file = "cytoolz-0.12.1-cp311-cp311-macosx_10_9_x86_64.whl", hash = "sha256:849f461bffa1e7700ccfcb5186df29cd4cdcc9efdb7199cb8b5681dc37045d72"},
    {file = "cytoolz-0.12.1-cp311-cp311-macosx_11_0_arm64.whl", hash = "sha256:4284120c978fb7039901bf6e66832cb3e82ac1b2a107512e735bdb04fd5533ed"},
    {file = "cytoolz-0.12.1-cp311-cp311-manylinux_2_17_aarch64.manylinux2014_aarch64.whl", hash = "sha256:2ec296f01c29c809698eaf677211b6255691295c2b35caab2131e1e7eaadfbac"},
    {file = "cytoolz-0.12.1-cp311-cp311-manylinux_2_17_ppc64le.manylinux2014_ppc64le.whl", hash = "sha256:37c53f456a1c84566a7d911eec57c4c6280b915ab0600e7671582793cc2769fe"},
    {file = "cytoolz-0.12.1-cp311-cp311-manylinux_2_17_s390x.manylinux2014_s390x.whl", hash = "sha256:1b6761791973b1e839b8309d5853b40eeb413368e31beaf5f2b6ed44c6fc7cf0"},
    {file = "cytoolz-0.12.1-cp311-cp311-manylinux_2_17_x86_64.manylinux2014_x86_64.whl", hash = "sha256:ff478682e8ee6dbaa37201bb71bf4a6eee744006ab000e8f5cea05066fc7c845"},
    {file = "cytoolz-0.12.1-cp311-cp311-manylinux_2_5_i686.manylinux1_i686.manylinux_2_17_i686.manylinux2014_i686.whl", hash = "sha256:867bebe6be30ee36a836f9b835790762a74f46be8cc339ea57b68dcecdbc1133"},
    {file = "cytoolz-0.12.1-cp311-cp311-musllinux_1_1_aarch64.whl", hash = "sha256:7e903df991f0957e2b271a37bb25d28e0d260c52825ae67507d15ca55a935961"},
    {file = "cytoolz-0.12.1-cp311-cp311-musllinux_1_1_i686.whl", hash = "sha256:e797c4afb1b7962d3205b1959e1051f7e6bfbba29da44042a9efc2391f1feb38"},
    {file = "cytoolz-0.12.1-cp311-cp311-musllinux_1_1_ppc64le.whl", hash = "sha256:b8eceaa12b7f152b046b67cb053ec2b5b00f73593983de69bc5e63a8aca4a7a8"},
    {file = "cytoolz-0.12.1-cp311-cp311-musllinux_1_1_s390x.whl", hash = "sha256:b575393dd431b8e211de35bd593d831dac870172b16e2b7934f3566b8fc89377"},
    {file = "cytoolz-0.12.1-cp311-cp311-musllinux_1_1_x86_64.whl", hash = "sha256:3032c0ba42dee5836d6b57a72a569b65df2c29e8ed266cb900d569003cf933a9"},
    {file = "cytoolz-0.12.1-cp311-cp311-win32.whl", hash = "sha256:c576bd63495150385b8d05eaae775387f378be2fd9805d3ffb4d17c87271fbad"},
    {file = "cytoolz-0.12.1-cp311-cp311-win_amd64.whl", hash = "sha256:421b224dc4157a0d66625acb5798cf50858cfa06a5232d39a8bd6cf1fa88aca3"},
    {file = "cytoolz-0.12.1-cp36-cp36m-macosx_10_9_x86_64.whl", hash = "sha256:be5a454a95797343d0fb1ed02caecae73a023b1393c112951c84f17ec9f4076c"},
    {file = "cytoolz-0.12.1-cp36-cp36m-manylinux_2_17_aarch64.manylinux2014_aarch64.whl", hash = "sha256:061387aa39b9c1576c25d0c59142513c09e77a2a07bd5d6211a43c7a758b6f45"},
    {file = "cytoolz-0.12.1-cp36-cp36m-manylinux_2_17_ppc64le.manylinux2014_ppc64le.whl", hash = "sha256:14f4dbc3f0ec8f6fc68865489af21dcf042ff007d2737c27bfd73296f15db544"},
    {file = "cytoolz-0.12.1-cp36-cp36m-manylinux_2_17_s390x.manylinux2014_s390x.whl", hash = "sha256:a816bff6bf424753e1ac2441902ceaf37ae6718b745a53f6aa1a60c617fb4f5f"},
    {file = "cytoolz-0.12.1-cp36-cp36m-manylinux_2_17_x86_64.manylinux2014_x86_64.whl", hash = "sha256:633f19d1990b1cf9c67dce9c28bf8b5a18e42785d15548607a100e1236384d5d"},
    {file = "cytoolz-0.12.1-cp36-cp36m-manylinux_2_5_i686.manylinux1_i686.manylinux_2_17_i686.manylinux2014_i686.whl", hash = "sha256:6fa7009c843667868aa8bdb3d68e5ef3d6356dd418b17ed5ca4e1340e82483a5"},
    {file = "cytoolz-0.12.1-cp36-cp36m-musllinux_1_1_aarch64.whl", hash = "sha256:1c29dd04e282ddfd45b457e3551075beec9128aa9271245e58ce924bf6e055f8"},
    {file = "cytoolz-0.12.1-cp36-cp36m-musllinux_1_1_i686.whl", hash = "sha256:cd35c0be4c46274129dd1678bb911dd4e93d23968b26f4e39cd55bc7cb3b1bac"},
    {file = "cytoolz-0.12.1-cp36-cp36m-musllinux_1_1_ppc64le.whl", hash = "sha256:5158ae6d8dd112d003f677039a3613ca7d2592bfe35d7accf23684edb961fc26"},
    {file = "cytoolz-0.12.1-cp36-cp36m-musllinux_1_1_s390x.whl", hash = "sha256:7eb9e6fa8a82c3d2f519f7d3942898a97792e3895569e9501b9431048289b82f"},
    {file = "cytoolz-0.12.1-cp36-cp36m-musllinux_1_1_x86_64.whl", hash = "sha256:ac6784cc43aec51a86cf9058a2a343084f8cf46a9281bea5762bfa608127c53b"},
    {file = "cytoolz-0.12.1-cp36-cp36m-win32.whl", hash = "sha256:794cce219bbcb2f36ca220f27d5afd64eaa854e04901bd6f240be156a578b607"},
    {file = "cytoolz-0.12.1-cp36-cp36m-win_amd64.whl", hash = "sha256:695dd8231e4f1bfb9a2363775a6e4e56ad9d2058058f817203a49614f4bfe33b"},
    {file = "cytoolz-0.12.1-cp37-cp37m-macosx_10_9_x86_64.whl", hash = "sha256:b1bd8017ef0da935a20106272c5f5ff6b1114add1ccb09cfed1ff7ec5cc01c6d"},
    {file = "cytoolz-0.12.1-cp37-cp37m-manylinux_2_17_aarch64.manylinux2014_aarch64.whl", hash = "sha256:56e1ebf6eb4438b8c45cbe7e7b22fc65df0c9efa97a70d3bf2f51e08b19756a5"},
    {file = "cytoolz-0.12.1-cp37-cp37m-manylinux_2_17_ppc64le.manylinux2014_ppc64le.whl", hash = "sha256:816c2038008ebf50d81171ddfae377f1af9e71d504ec609469dcb0906bfcf2ae"},
    {file = "cytoolz-0.12.1-cp37-cp37m-manylinux_2_17_s390x.manylinux2014_s390x.whl", hash = "sha256:9bebe58f7a160db7838eb70990c704db4bdc2d58bd364290fd69be0587be8bac"},
    {file = "cytoolz-0.12.1-cp37-cp37m-manylinux_2_17_x86_64.manylinux2014_x86_64.whl", hash = "sha256:a72440305f634604827f96810e4469877b89f5c060d6852267650a49b0e3768c"},
    {file = "cytoolz-0.12.1-cp37-cp37m-manylinux_2_5_i686.manylinux1_i686.manylinux_2_17_i686.manylinux2014_i686.whl", hash = "sha256:b46ebc463bb45f278a2b94e630061c26e10077cb68d4c93583d8f4199699a5ef"},
    {file = "cytoolz-0.12.1-cp37-cp37m-musllinux_1_1_aarch64.whl", hash = "sha256:e75e287787e6adafed9d8c3d3e7647c0b5eb460221f9f92d7dfe48b45ba77c0d"},
    {file = "cytoolz-0.12.1-cp37-cp37m-musllinux_1_1_i686.whl", hash = "sha256:03ab22c9aeb1535f8647d23b6520b0c3d41aaa18d04ef42b352dde1931f2e2b1"},
    {file = "cytoolz-0.12.1-cp37-cp37m-musllinux_1_1_ppc64le.whl", hash = "sha256:b2ac288f27a2689d9e39f4cf4df5437a8eb038eaae515169586c77f9f8fb343a"},
    {file = "cytoolz-0.12.1-cp37-cp37m-musllinux_1_1_s390x.whl", hash = "sha256:97a24c0d0806fcf9a6e75fc18aeb95adc37eb0baf6451f10a2de23ffd815329d"},
    {file = "cytoolz-0.12.1-cp37-cp37m-musllinux_1_1_x86_64.whl", hash = "sha256:42c9e5cd2a48a257b1f2402334b48122501f249b8dcf77082f569f2680f185eb"},
    {file = "cytoolz-0.12.1-cp37-cp37m-win32.whl", hash = "sha256:35fae4eaa0eaf9072a5fe2d244a79e65baae4e5ddbe9cc629c5037af800213a2"},
    {file = "cytoolz-0.12.1-cp37-cp37m-win_amd64.whl", hash = "sha256:5af43ca7026ead3dd08b261e4f7163cd2cf3ceaa74fa5a81f7b7ea5d445e41d6"},
    {file = "cytoolz-0.12.1-cp38-cp38-macosx_10_9_x86_64.whl", hash = "sha256:fcc378fa97f02fbcef090b3611305425d72bd1c0afdd13ef4a82dc67d40638b6"},
    {file = "cytoolz-0.12.1-cp38-cp38-macosx_11_0_arm64.whl", hash = "sha256:cc3645cf6b9246cb8e179db2803e4f0d148211d2a2cf22d5c9b5219111cd91a0"},
    {file = "cytoolz-0.12.1-cp38-cp38-manylinux_2_17_aarch64.manylinux2014_aarch64.whl", hash = "sha256:2b245b824f4705aef0e4a03fafef3ad6cb59ef43cc564cdbf683ee28dfc11ad5"},
    {file = "cytoolz-0.12.1-cp38-cp38-manylinux_2_17_ppc64le.manylinux2014_ppc64le.whl", hash = "sha256:c1964dcb5f250fd13fac210944b20810d61ef4094a17fbbe502ab7a7eaeeace7"},
    {file = "cytoolz-0.12.1-cp38-cp38-manylinux_2_17_s390x.manylinux2014_s390x.whl", hash = "sha256:f7194a22a4a24f3561cb6ad1cca9c9b2f2cf34cc8d4bce6d6a24c80960323fa8"},
    {file = "cytoolz-0.12.1-cp38-cp38-manylinux_2_17_x86_64.manylinux2014_x86_64.whl", hash = "sha256:e1c5434db53f3a94a37ad8aedb231901e001995d899af6ed1165f3d27fa04a6a"},
    {file = "cytoolz-0.12.1-cp38-cp38-manylinux_2_5_i686.manylinux1_i686.manylinux_2_17_i686.manylinux2014_i686.whl", hash = "sha256:b30cd083ef8af4ba66d9fe5cc75c653ede3f2655f97a032db1a14cc8a006719c"},
    {file = "cytoolz-0.12.1-cp38-cp38-musllinux_1_1_aarch64.whl", hash = "sha256:bef934bd3e024d512c6c0ad1c66eb173f61d9ccb4dbca8d75f727a5604f7c2f6"},
    {file = "cytoolz-0.12.1-cp38-cp38-musllinux_1_1_i686.whl", hash = "sha256:37320669c364f7d370392af33cc1034b4563da66c22cd3261e3530f4d30dbe4b"},
    {file = "cytoolz-0.12.1-cp38-cp38-musllinux_1_1_ppc64le.whl", hash = "sha256:3cb95d23defb2322cddf70efb4af6dac191d95edaa343e8c1f58f1afa4f92ecd"},
    {file = "cytoolz-0.12.1-cp38-cp38-musllinux_1_1_s390x.whl", hash = "sha256:ac5895d5f78dbd8646fe37266655ba4995f9cfec38a86595282fee69e41787da"},
    {file = "cytoolz-0.12.1-cp38-cp38-musllinux_1_1_x86_64.whl", hash = "sha256:499af2aff04f65b4c23de1df08e1d1484a93b23ddaaa0163e44b5070b68356eb"},
    {file = "cytoolz-0.12.1-cp38-cp38-win32.whl", hash = "sha256:aa61e3da751a2dfe95aeca603f3ef510071a136ba9905f61ae6cb5d0696271ad"},
    {file = "cytoolz-0.12.1-cp38-cp38-win_amd64.whl", hash = "sha256:f5b43ce952a5a31441556c55f5f5f5a8e62c28581a0ff2a2c31c04ef992d73bd"},
    {file = "cytoolz-0.12.1-cp39-cp39-macosx_10_9_x86_64.whl", hash = "sha256:b8b8f88251b84b3877254cdd59c86a1dc6b2b39a03c6c9c067d344ef879562e0"},
    {file = "cytoolz-0.12.1-cp39-cp39-macosx_11_0_arm64.whl", hash = "sha256:d72415b0110f7958dd3a5ee98a70166f47bd42ede85e3535669c794d06f57406"},
    {file = "cytoolz-0.12.1-cp39-cp39-manylinux_2_17_aarch64.manylinux2014_aarch64.whl", hash = "sha256:f8101ab6de5aa0b26a2b5032bc488d430010c91863e701812d65836b03a12f61"},
    {file = "cytoolz-0.12.1-cp39-cp39-manylinux_2_17_ppc64le.manylinux2014_ppc64le.whl", hash = "sha256:2eed428b5e68c28abf2c71195e799850e040d67a27c05f7785319c611665b86a"},
    {file = "cytoolz-0.12.1-cp39-cp39-manylinux_2_17_s390x.manylinux2014_s390x.whl", hash = "sha256:59641eb1f41cb688b3cb2f98c9003c493a5024325f76b5c02333d08dd972127c"},
    {file = "cytoolz-0.12.1-cp39-cp39-manylinux_2_17_x86_64.manylinux2014_x86_64.whl", hash = "sha256:2a48940ff0449ffcf690310bf9228bb57885f7571406ed2fe05c98e299987195"},
    {file = "cytoolz-0.12.1-cp39-cp39-manylinux_2_5_i686.manylinux1_i686.manylinux_2_17_i686.manylinux2014_i686.whl", hash = "sha256:9bae431a5985cdb2014be09d37206c288e0d063940cf9539e9769bd2ec26b220"},
    {file = "cytoolz-0.12.1-cp39-cp39-musllinux_1_1_aarch64.whl", hash = "sha256:cb8b10405960a8e6801a4702af98ea640130ec6ecfc1208195762de3f5503ba9"},
    {file = "cytoolz-0.12.1-cp39-cp39-musllinux_1_1_i686.whl", hash = "sha256:3c9a16a5b4f54d5c0a131f56b0ca65998a9a74958b5b36840c280edba4f8b907"},
    {file = "cytoolz-0.12.1-cp39-cp39-musllinux_1_1_ppc64le.whl", hash = "sha256:49911cb533c96d275e31e7eaeb0742ac3f7afe386a1d8c40937814d75039a0f7"},
    {file = "cytoolz-0.12.1-cp39-cp39-musllinux_1_1_s390x.whl", hash = "sha256:dbae37d48ef5a0ab90cfaf2b9312d96f034b1c828208a9cbe25377a1b19ba129"},
    {file = "cytoolz-0.12.1-cp39-cp39-musllinux_1_1_x86_64.whl", hash = "sha256:c34e69be4429633fc614febe3127fa03aa418a1abb9252f29d9ba5b3394573a5"},
    {file = "cytoolz-0.12.1-cp39-cp39-win32.whl", hash = "sha256:0d474dacbafbdbb44c7de986bbf71ff56ae62df0d52ab3b6fa966784dc88737a"},
    {file = "cytoolz-0.12.1-cp39-cp39-win_amd64.whl", hash = "sha256:3d6d0b0075731832343eb88229cea4bf39e96f3fc7acbc449aadbdfec2842703"},
    {file = "cytoolz-0.12.1-pp37-pypy37_pp73-macosx_10_9_x86_64.whl", hash = "sha256:8506d1863f30d26f577c4ed59d2cfd03d2f39569f9cbaa02a764a9de73d312d5"},
    {file = "cytoolz-0.12.1-pp37-pypy37_pp73-manylinux_2_17_aarch64.manylinux2014_aarch64.whl", hash = "sha256:1a1eae39656a1685e8b3f433eecfd72015ce5c1d7519e9c8f9402153c68331bb"},
    {file = "cytoolz-0.12.1-pp37-pypy37_pp73-manylinux_2_5_i686.manylinux1_i686.manylinux_2_17_i686.manylinux2014_i686.whl", hash = "sha256:4a0055943074c6c85b77fcc3f42f7c54010a3478daa2ed9d6243d0411c84a4d3"},
    {file = "cytoolz-0.12.1-pp37-pypy37_pp73-manylinux_2_5_x86_64.manylinux1_x86_64.manylinux_2_17_x86_64.manylinux2014_x86_64.whl", hash = "sha256:a8a7a325b8fe885a6dd91093616c703134f2dacbd869bc519970df3849c2a15b"},
    {file = "cytoolz-0.12.1-pp37-pypy37_pp73-win_amd64.whl", hash = "sha256:7b60caf0fa5f1b49f1062f7dc0f66c7b23e2736bad50fa8296bfb845995e3051"},
    {file = "cytoolz-0.12.1-pp38-pypy38_pp73-macosx_10_9_x86_64.whl", hash = "sha256:980e7eb7205e01816a92f3290cfc80507957e64656b9271a0dfebb85fe3718c0"},
    {file = "cytoolz-0.12.1-pp38-pypy38_pp73-manylinux_2_17_aarch64.manylinux2014_aarch64.whl", hash = "sha256:06d38a40fe153f23cda0e823413fe9d9ebee89dd461827285316eff929fb121e"},
    {file = "cytoolz-0.12.1-pp38-pypy38_pp73-manylinux_2_5_i686.manylinux1_i686.manylinux_2_17_i686.manylinux2014_i686.whl", hash = "sha256:d540e9c34a61b53b6a374ea108794a48388178f7889d772e364cdbd6df37774c"},
    {file = "cytoolz-0.12.1-pp38-pypy38_pp73-manylinux_2_5_x86_64.manylinux1_x86_64.manylinux_2_17_x86_64.manylinux2014_x86_64.whl", hash = "sha256:117871f036926e42d3abcee587eafa9dc7383f1064ac53a806d33e76604de311"},
    {file = "cytoolz-0.12.1-pp38-pypy38_pp73-win_amd64.whl", hash = "sha256:31131b54a0c72efc0eb432dc66df546c6a54f2a7d396c9a34cf65ac1c26b1df8"},
    {file = "cytoolz-0.12.1-pp39-pypy39_pp73-macosx_10_9_x86_64.whl", hash = "sha256:4534cbfad73cdb1a6dad495530d4186d57d73089c01e9cb0558caab50e46cb3b"},
    {file = "cytoolz-0.12.1-pp39-pypy39_pp73-manylinux_2_17_aarch64.manylinux2014_aarch64.whl", hash = "sha256:50db41e875e36aec11881b8b12bc69c6f4836b7dd9e88a9e5bbf26c2cb3ba6cd"},
    {file = "cytoolz-0.12.1-pp39-pypy39_pp73-manylinux_2_5_i686.manylinux1_i686.manylinux_2_17_i686.manylinux2014_i686.whl", hash = "sha256:6716855f9c669c9e25a185d88e0f169839bf8553d16496796325acd114607c11"},
    {file = "cytoolz-0.12.1-pp39-pypy39_pp73-manylinux_2_5_x86_64.manylinux1_x86_64.manylinux_2_17_x86_64.manylinux2014_x86_64.whl", hash = "sha256:2f32452e833f0605b871626e6c61b71b0cba24233aad0e04accc3240497d4995"},
    {file = "cytoolz-0.12.1-pp39-pypy39_pp73-win_amd64.whl", hash = "sha256:ba74c239fc6cb6e962eabc420967c7565f3f363b776c89b3df5234caecf1f463"},
    {file = "cytoolz-0.12.1.tar.gz", hash = "sha256:fc33909397481c90de3cec831bfb88d97e220dc91939d996920202f184b4648e"},
]

[package.dependencies]
toolz = ">=0.8.0"

[package.extras]
cython = ["cython"]

[[package]]
name = "mypy-extensions"
version = "1.0.0"
description = "Type system extensions for programs checked with the mypy type checker."
category = "dev"
optional = false
python-versions = ">=3.5"
files = [
    {file = "mypy_extensions-1.0.0-py3-none-any.whl", hash = "sha256:4392f6c0eb8a5668a69e23d168ffa70f0be9ccfd32b5cc2d26a34ae5b844552d"},
    {file = "mypy_extensions-1.0.0.tar.gz", hash = "sha256:75dbf8955dc00442a438fc4d0666508a9a97b6bd41aa2f0ffe9d2f2725af0782"},
]

[[package]]
name = "packaging"
version = "23.0"
description = "Core utilities for Python packages"
category = "dev"
optional = false
python-versions = ">=3.7"
files = [
    {file = "packaging-23.0-py3-none-any.whl", hash = "sha256:714ac14496c3e68c99c29b00845f7a2b85f3bb6f1078fd9f72fd20f0570002b2"},
    {file = "packaging-23.0.tar.gz", hash = "sha256:b6ad297f8907de0fa2fe1ccbd26fdaf387f5f47c7275fedf8cce89f99446cf97"},
]

[[package]]
name = "pathspec"
version = "0.11.0"
description = "Utility library for gitignore style pattern matching of file paths."
category = "dev"
optional = false
python-versions = ">=3.7"
files = [
    {file = "pathspec-0.11.0-py3-none-any.whl", hash = "sha256:3a66eb970cbac598f9e5ccb5b2cf58930cd8e3ed86d393d541eaf2d8b1705229"},
    {file = "pathspec-0.11.0.tar.gz", hash = "sha256:64d338d4e0914e91c1792321e6907b5a593f1ab1851de7fc269557a21b30ebbc"},
]

[[package]]
name = "platformdirs"
version = "3.0.0"
description = "A small Python package for determining appropriate platform-specific dirs, e.g. a \"user data dir\"."
category = "dev"
optional = false
python-versions = ">=3.7"
files = [
    {file = "platformdirs-3.0.0-py3-none-any.whl", hash = "sha256:b1d5eb14f221506f50d6604a561f4c5786d9e80355219694a1b244bcd96f4567"},
    {file = "platformdirs-3.0.0.tar.gz", hash = "sha256:8a1228abb1ef82d788f74139988b137e78692984ec7b08eaa6c65f1723af28f9"},
]

[package.extras]
docs = ["furo (>=2022.12.7)", "proselint (>=0.13)", "sphinx (>=6.1.3)", "sphinx-autodoc-typehints (>=1.22,!=1.23.4)"]
test = ["appdirs (==1.4.4)", "covdefaults (>=2.2.2)", "pytest (>=7.2.1)", "pytest-cov (>=4)", "pytest-mock (>=3.10)"]

[[package]]
name = "pygame"
version = "2.1.3"
description = "Python Game Development"
category = "main"
optional = false
python-versions = ">=3.6"
files = [
    {file = "pygame-2.1.3-cp310-cp310-macosx_10_9_x86_64.whl", hash = "sha256:bfc8a0d863470ec673ff267caaff59b858e967ef78170dc04fc318a7c5f9dd33"},
    {file = "pygame-2.1.3-cp310-cp310-macosx_11_0_arm64.whl", hash = "sha256:64d37dc04a14df9519e2e87611cac6a144c6204365e3fdb0bfb86fa459e32f38"},
    {file = "pygame-2.1.3-cp310-cp310-manylinux_2_12_i686.manylinux2010_i686.whl", hash = "sha256:d9764bb10f61a1137aa1118b832417c52e53da19971f4fa94605ea5bd4acc92b"},
    {file = "pygame-2.1.3-cp310-cp310-manylinux_2_12_x86_64.manylinux2010_x86_64.whl", hash = "sha256:6403f1705fc3b4fc2a51e06f3a7102cc1ed9884dc9ff5b99a4cac0d65255ad58"},
    {file = "pygame-2.1.3-cp310-cp310-manylinux_2_17_aarch64.manylinux2014_aarch64.whl", hash = "sha256:ab841fe3a4c703cc021d3bb466a9bf5df41edfa3267c44fff5bd6f47944cd4c3"},
    {file = "pygame-2.1.3-cp310-cp310-manylinux_2_17_i686.manylinux2014_i686.whl", hash = "sha256:009e9886a463f4cb86e5d11024fafb6b9a5f5808d21c4df66938922adc6ee90b"},
    {file = "pygame-2.1.3-cp310-cp310-manylinux_2_17_x86_64.manylinux2014_x86_64.whl", hash = "sha256:b75481cc17a22679c69014ef2322d55cfa66be0923abbd9206e01ef10bb5dab6"},
    {file = "pygame-2.1.3-cp310-cp310-win32.whl", hash = "sha256:1924826a32cc49c0d6b2e523f05e2ea608e1ff631ba595a910ddf37a8b38ee77"},
    {file = "pygame-2.1.3-cp310-cp310-win_amd64.whl", hash = "sha256:ba578c5cac85358566de3010b3f3393df3b936b310eba6811abbae5241ec19c0"},
    {file = "pygame-2.1.3-cp311-cp311-macosx_10_9_x86_64.whl", hash = "sha256:cb0493d0f7fa378fccfc65548aec92edeadbde981c964337f11c884432bfaa35"},
    {file = "pygame-2.1.3-cp311-cp311-macosx_11_0_arm64.whl", hash = "sha256:217072e80f470847e121b5c5658f89be35e2c1c3ab23d4126fe80fc64fd34d27"},
    {file = "pygame-2.1.3-cp311-cp311-manylinux_2_17_aarch64.manylinux2014_aarch64.whl", hash = "sha256:55374e1afb72c6dc546fb1d9ac972de2adf642de69ec7003e66023254512f1e5"},
    {file = "pygame-2.1.3-cp311-cp311-manylinux_2_17_i686.manylinux2014_i686.whl", hash = "sha256:a9f24b4aeba86e882f3640c4251b0325f86556a5f2661bd7c9e3dc1c9fe966c6"},
    {file = "pygame-2.1.3-cp311-cp311-manylinux_2_17_x86_64.manylinux2014_x86_64.whl", hash = "sha256:f04d89bdf7951e9fde68c7174b522befd9ae6e5c2a75d195435223df044aaacc"},
    {file = "pygame-2.1.3-cp311-cp311-win32.whl", hash = "sha256:bf1024e516fd3a3948ec45f0ad3b63e69f66c342e4678b2e04a383f735272b8f"},
    {file = "pygame-2.1.3-cp311-cp311-win_amd64.whl", hash = "sha256:e18c6b0fa9e39ad3fe68e48ace92285c026ee70f05bf4dfa54a33fa89f7a0474"},
    {file = "pygame-2.1.3-cp36-cp36m-macosx_10_9_x86_64.whl", hash = "sha256:f71cfb9f161473511543ba8e713f1b34c6b00c70412ecd2d71111da82fe7f062"},
    {file = "pygame-2.1.3-cp36-cp36m-manylinux_2_12_i686.manylinux2010_i686.whl", hash = "sha256:21a4fbc7462d3b8bd9692a6198fb031a80a85e7ac24cfcee382901b2b57db67c"},
    {file = "pygame-2.1.3-cp36-cp36m-manylinux_2_12_x86_64.manylinux2010_x86_64.whl", hash = "sha256:868ec3a2b87fdca43b4f4ef8314d4fb00c4d9ef6e732f5a9b0348ae3d015de3d"},
    {file = "pygame-2.1.3-cp36-cp36m-manylinux_2_17_aarch64.manylinux2014_aarch64.whl", hash = "sha256:154a0a0a953006e8ab90353055037b6710e00aa19941e2fbc1b4f0358e1a4882"},
    {file = "pygame-2.1.3-cp36-cp36m-manylinux_2_17_i686.manylinux2014_i686.whl", hash = "sha256:787fff1984107da0c533d2e87c85b0082788c8b24952adf9f0bc6459be485e7f"},
    {file = "pygame-2.1.3-cp36-cp36m-manylinux_2_17_x86_64.manylinux2014_x86_64.whl", hash = "sha256:bf5b5fbb526fe76b0eb5a076b94afd29e0a91bc1ba9d6b573fad9722b7e8a5d9"},
    {file = "pygame-2.1.3-cp36-cp36m-manylinux_2_5_i686.manylinux1_i686.whl", hash = "sha256:2fbbd59b95017824a9b7c3695b13f2df27a64c557c42970a6cad2e26dd5f4f31"},
    {file = "pygame-2.1.3-cp36-cp36m-manylinux_2_5_x86_64.manylinux1_x86_64.whl", hash = "sha256:261fd434d869e1ae285b3ca90112d62c712fde53679e1bce3dfcee79e93f2b06"},
    {file = "pygame-2.1.3-cp36-cp36m-win32.whl", hash = "sha256:1e083351df89cc0f9ce003cff003d420fa0362e9fd00a793c9a68fc8cd0a2e5f"},
    {file = "pygame-2.1.3-cp36-cp36m-win_amd64.whl", hash = "sha256:0b182a6010f16571b1a92e34208ac1e9ad01a725f2fa3c1ad158c4b515ae12de"},
    {file = "pygame-2.1.3-cp37-cp37m-macosx_10_9_x86_64.whl", hash = "sha256:240f920f846150ffb2c217d75cd1005989fbedd007df82949db361934bfa9660"},
    {file = "pygame-2.1.3-cp37-cp37m-manylinux_2_12_i686.manylinux2010_i686.whl", hash = "sha256:4ef7f1f7d37ffddee63569b5d09f693d0704b04e7c2ff5af90bf61e4cdffe6c7"},
    {file = "pygame-2.1.3-cp37-cp37m-manylinux_2_12_x86_64.manylinux2010_x86_64.whl", hash = "sha256:caa4c10f79793b7be9eb1e647f84eee3e9ebb79d143d72eecaaaeb94eb44e1c1"},
    {file = "pygame-2.1.3-cp37-cp37m-manylinux_2_17_aarch64.manylinux2014_aarch64.whl", hash = "sha256:f5760ea0f181c8395bc39fdb50000ce2b77d453ba4c0d98e00303a89af6ae5f0"},
    {file = "pygame-2.1.3-cp37-cp37m-manylinux_2_17_i686.manylinux2014_i686.whl", hash = "sha256:bc1bbb23e4f32b361956275bdde5992893981362fd37c0e62586537400bd4a4b"},
    {file = "pygame-2.1.3-cp37-cp37m-manylinux_2_17_x86_64.manylinux2014_x86_64.whl", hash = "sha256:a139c4290fa5227ccead2c57f6e41195c22f643e0fb7336c9da0c734c9df3cd4"},
    {file = "pygame-2.1.3-cp37-cp37m-manylinux_2_5_i686.manylinux1_i686.whl", hash = "sha256:b358abc054bf94fede79bb213f7ac9dd8a8737c8ac48a6bb0fa72314c147bd76"},
    {file = "pygame-2.1.3-cp37-cp37m-manylinux_2_5_x86_64.manylinux1_x86_64.whl", hash = "sha256:c9d827fbd093d5d4ef35bd9ec2994535b5f37af15860975be7e59a2d415b51c7"},
    {file = "pygame-2.1.3-cp37-cp37m-win32.whl", hash = "sha256:97b0ec29c9810ca1125df013656e13a89388e5ca72fdd4d900235bceaed30349"},
    {file = "pygame-2.1.3-cp37-cp37m-win_amd64.whl", hash = "sha256:0e8cb75c4cb8ae512e4f3d5410ea64359b049f7825a6e8a9010fdf5c539b8433"},
    {file = "pygame-2.1.3-cp38-cp38-macosx_10_9_x86_64.whl", hash = "sha256:a0420eb1015abb3ebba4d29c1239010eac4d82a36b94659847d18af218293aa4"},
    {file = "pygame-2.1.3-cp38-cp38-macosx_11_0_arm64.whl", hash = "sha256:c473efee52359806d8c0a876f42ccb7ead088e7ae8f5d31e6e43f94793c943ea"},
    {file = "pygame-2.1.3-cp38-cp38-manylinux_2_12_i686.manylinux2010_i686.whl", hash = "sha256:5581841a9baa902d7efc243d3d03ae380f929e90d98ecccbbd49b1fa03e0a6ff"},
    {file = "pygame-2.1.3-cp38-cp38-manylinux_2_12_x86_64.manylinux2010_x86_64.whl", hash = "sha256:1758bbf986efc9f08344c7eae733f6d04f596745f737bc4c02412b809ac65d58"},
    {file = "pygame-2.1.3-cp38-cp38-manylinux_2_17_aarch64.manylinux2014_aarch64.whl", hash = "sha256:7cd54e859e1b626c332e254128db30e5d6d33544c10154a1ec7a052cac6a50a4"},
    {file = "pygame-2.1.3-cp38-cp38-manylinux_2_17_i686.manylinux2014_i686.whl", hash = "sha256:986805fbc0827bf8b8dd8c52aa4ce2fbd4475d51fe1df326bf3e788c1b9f59fd"},
    {file = "pygame-2.1.3-cp38-cp38-manylinux_2_17_x86_64.manylinux2014_x86_64.whl", hash = "sha256:e26c4bb679e7514a7f6c69ca8a68a495013bf46f200476d334459c44a733356f"},
    {file = "pygame-2.1.3-cp38-cp38-manylinux_2_5_i686.manylinux1_i686.whl", hash = "sha256:4908fc837fd9f68b6cfdfeffb99b342c25cf770d76768498dc4c066c2f8b2776"},
    {file = "pygame-2.1.3-cp38-cp38-manylinux_2_5_x86_64.manylinux1_x86_64.whl", hash = "sha256:fa8efe34b13a6bfb37e627c2b28e9967b87cd01de92cd000852e08ef8aed1cf0"},
    {file = "pygame-2.1.3-cp38-cp38-win32.whl", hash = "sha256:867498b0ac20f5c981dcc3ee00262d06b3806b355c632f42c11f5b716ccb2ba1"},
    {file = "pygame-2.1.3-cp38-cp38-win_amd64.whl", hash = "sha256:7b06978de0400276e451cbbbba80cc9566cf5663dbb8518b7ec598078440de06"},
    {file = "pygame-2.1.3-cp39-cp39-macosx_10_9_x86_64.whl", hash = "sha256:565cccf5bf47e2ec577a0c237919aef9da66d075e982d339fae31e37734e02b8"},
    {file = "pygame-2.1.3-cp39-cp39-macosx_11_0_arm64.whl", hash = "sha256:af925800444941cea5e45eb94954e5335006fb1b5d35d996e22b3f616e9e0e8e"},
    {file = "pygame-2.1.3-cp39-cp39-manylinux_2_12_i686.manylinux2010_i686.whl", hash = "sha256:50934f9efc6f51d1c4408b607d34162f74ec0763628c6384e062f6bc3e97d98a"},
    {file = "pygame-2.1.3-cp39-cp39-manylinux_2_12_x86_64.manylinux2010_x86_64.whl", hash = "sha256:5624318d189403dde7c58bdb62c340edd0faad6f18a6cf46a9f6923a66db2ba4"},
    {file = "pygame-2.1.3-cp39-cp39-manylinux_2_17_aarch64.manylinux2014_aarch64.whl", hash = "sha256:45cfe97fa4de560d866f53afbf3c61136bfb4114eb585ac4b6c82c278baf2c1c"},
    {file = "pygame-2.1.3-cp39-cp39-manylinux_2_17_i686.manylinux2014_i686.whl", hash = "sha256:06e8e4d04f8d57969689d9316bbffc7e4b9862534541535b6e892e410c4f4248"},
    {file = "pygame-2.1.3-cp39-cp39-manylinux_2_17_x86_64.manylinux2014_x86_64.whl", hash = "sha256:41baee1b5502b7472df0eb59af66ee347ac8ef042b08b553c85546e34daa736a"},
    {file = "pygame-2.1.3-cp39-cp39-manylinux_2_5_i686.manylinux1_i686.whl", hash = "sha256:0745fc99d104c71bf90c70c09a541b7922ba47391e16e9629490722fc1f3e46b"},
    {file = "pygame-2.1.3-cp39-cp39-manylinux_2_5_x86_64.manylinux1_x86_64.whl", hash = "sha256:b0bfcc7359308748edfe277137efd19f21e5b22373f106848d64dc048db22701"},
    {file = "pygame-2.1.3-cp39-cp39-win32.whl", hash = "sha256:df450cc4342d5664accfdd895c5ee380710eaf16942722117c01deab3373bb35"},
    {file = "pygame-2.1.3-cp39-cp39-win_amd64.whl", hash = "sha256:d61bbd7a071d80706fd6337abd96484398dc04b3245e8e5df4e7c99e3676086b"},
    {file = "pygame-2.1.3-pp36-pypy36_pp73-win32.whl", hash = "sha256:8fa2701374d3125084b2fd1f9c6d056e7e0fb8ec655e46a5fa1531b7e419fa69"},
    {file = "pygame-2.1.3-pp37-pypy37_pp73-macosx_10_9_x86_64.whl", hash = "sha256:595b639fab8a1acafe78050ef71668eae0a22fb5efa022b0cd2bce26a15a371d"},
    {file = "pygame-2.1.3-pp37-pypy37_pp73-manylinux_2_12_i686.manylinux2010_i686.whl", hash = "sha256:ad0835f1406a8589ebe7447801a47ff68c16b753d2b27193947e21c8adbac8c1"},
    {file = "pygame-2.1.3-pp37-pypy37_pp73-manylinux_2_12_x86_64.manylinux2010_x86_64.whl", hash = "sha256:704cb29a380b8e84d4051300e7eccd918e35cb8c44ae931fc0ec8c942e42c71f"},
    {file = "pygame-2.1.3-pp37-pypy37_pp73-manylinux_2_17_i686.manylinux2014_i686.whl", hash = "sha256:787c1f46905c2f6dd0310144fa7c61cb54d97990c477992601555edf01699f95"},
    {file = "pygame-2.1.3-pp37-pypy37_pp73-manylinux_2_17_x86_64.manylinux2014_x86_64.whl", hash = "sha256:f26e9f1385dddffe605d8afbcba1f90f81156deadbc27327dcc844eb71e24ffa"},
    {file = "pygame-2.1.3-pp38-pypy38_pp73-macosx_10_9_x86_64.whl", hash = "sha256:f9fe7d817ae099f1b1fd0aac7502f7472a3ba18b068efa3dc30b5d293760565a"},
    {file = "pygame-2.1.3-pp38-pypy38_pp73-manylinux_2_17_i686.manylinux2014_i686.whl", hash = "sha256:76f8207ed3feeda63df711245bec8613809b7aea71db7d0a1515268c5bd6f52d"},
    {file = "pygame-2.1.3-pp38-pypy38_pp73-manylinux_2_17_x86_64.manylinux2014_x86_64.whl", hash = "sha256:ff16c4cffa9958935d39eed73e5a707fc6e86b85f1ec06baf7172c555801730d"},
    {file = "pygame-2.1.3-pp39-pypy39_pp73-macosx_10_9_x86_64.whl", hash = "sha256:6d138b15cf378b3755e1e48ea49f0f0406067ada2c176bc6489e70bc836ab72d"},
    {file = "pygame-2.1.3-pp39-pypy39_pp73-manylinux_2_17_i686.manylinux2014_i686.whl", hash = "sha256:2f2c3c25a1018495011dd0734df4f23ddf6e88037e884b9ecb03ef33a17c5b4c"},
    {file = "pygame-2.1.3-pp39-pypy39_pp73-manylinux_2_17_x86_64.manylinux2014_x86_64.whl", hash = "sha256:cd259998a71a2f7793a4e5d5fc31493f7c7d9ec73e4320895145e7dbc1c8e48d"},
    {file = "pygame-2.1.3.tar.gz", hash = "sha256:df29c4369df9231eebffac801fa7af021279d7e9dc4c1cae698cc4077c98d069"},
]

[[package]]
name = "tomli"
version = "2.0.1"
description = "A lil' TOML parser"
category = "dev"
optional = false
python-versions = ">=3.7"
files = [
    {file = "tomli-2.0.1-py3-none-any.whl", hash = "sha256:939de3e7a6161af0c887ef91b7d41a53e7c5a1ca976325f429cb46ea9bc30ecc"},
    {file = "tomli-2.0.1.tar.gz", hash = "sha256:de526c12914f0c550d15924c62d72abc48d6fe7364aa87328337a31007fe8a4f"},
]

[[package]]
name = "toolz"
version = "0.12.0"
description = "List processing tools and functional utilities"
category = "main"
optional = false
python-versions = ">=3.5"
files = [
    {file = "toolz-0.12.0-py3-none-any.whl", hash = "sha256:2059bd4148deb1884bb0eb770a3cde70e7f954cfbbdc2285f1f2de01fd21eb6f"},
    {file = "toolz-0.12.0.tar.gz", hash = "sha256:88c570861c440ee3f2f6037c4654613228ff40c93a6c25e0eba70d17282c6194"},
]

[metadata]
lock-version = "2.0"
python-versions = "^3.10"
content-hash = "c2449afbb2c2db5ab4d560fb01a1b209577249752aba84fc7d0ac65910dc42a5"
