# This file is automatically @generated by Poetry and should not be changed by hand.

[[package]]
name = "attrs"
version = "22.2.0"
description = "Classes Without Boilerplate"
category = "dev"
optional = false
python-versions = ">=3.6"
files = [
    {file = "attrs-22.2.0-py3-none-any.whl", hash = "sha256:29e95c7f6778868dbd49170f98f8818f78f3dc5e0e37c0b1f474e3561b240836"},
    {file = "attrs-22.2.0.tar.gz", hash = "sha256:c9227bfc2f01993c03f68db37d1d15c9690188323c067c641f1a35ca58185f99"},
]

[package.extras]
cov = ["attrs[tests]", "coverage-enable-subprocess", "coverage[toml] (>=5.3)"]
dev = ["attrs[docs,tests]"]
docs = ["furo", "myst-parser", "sphinx", "sphinx-notfound-page", "sphinxcontrib-towncrier", "towncrier", "zope.interface"]
tests = ["attrs[tests-no-zope]", "zope.interface"]
tests-no-zope = ["cloudpickle", "cloudpickle", "hypothesis", "hypothesis", "mypy (>=0.971,<0.990)", "mypy (>=0.971,<0.990)", "pympler", "pympler", "pytest (>=4.3.0)", "pytest (>=4.3.0)", "pytest-mypy-plugins", "pytest-mypy-plugins", "pytest-xdist[psutil]", "pytest-xdist[psutil]"]

[[package]]
name = "black"
version = "23.1.0"
description = "The uncompromising code formatter."
category = "dev"
optional = false
python-versions = ">=3.7"
files = [
    {file = "black-23.1.0-cp310-cp310-macosx_10_16_arm64.whl", hash = "sha256:b6a92a41ee34b883b359998f0c8e6eb8e99803aa8bf3123bf2b2e6fec505a221"},
    {file = "black-23.1.0-cp310-cp310-macosx_10_16_universal2.whl", hash = "sha256:57c18c5165c1dbe291d5306e53fb3988122890e57bd9b3dcb75f967f13411a26"},
    {file = "black-23.1.0-cp310-cp310-macosx_10_16_x86_64.whl", hash = "sha256:9880d7d419bb7e709b37e28deb5e68a49227713b623c72b2b931028ea65f619b"},
    {file = "black-23.1.0-cp310-cp310-manylinux_2_17_x86_64.manylinux2014_x86_64.whl", hash = "sha256:e6663f91b6feca5d06f2ccd49a10f254f9298cc1f7f49c46e498a0771b507104"},
    {file = "black-23.1.0-cp310-cp310-win_amd64.whl", hash = "sha256:9afd3f493666a0cd8f8df9a0200c6359ac53940cbde049dcb1a7eb6ee2dd7074"},
    {file = "black-23.1.0-cp311-cp311-macosx_10_16_arm64.whl", hash = "sha256:bfffba28dc52a58f04492181392ee380e95262af14ee01d4bc7bb1b1c6ca8d27"},
    {file = "black-23.1.0-cp311-cp311-macosx_10_16_universal2.whl", hash = "sha256:c1c476bc7b7d021321e7d93dc2cbd78ce103b84d5a4cf97ed535fbc0d6660648"},
    {file = "black-23.1.0-cp311-cp311-macosx_10_16_x86_64.whl", hash = "sha256:382998821f58e5c8238d3166c492139573325287820963d2f7de4d518bd76958"},
    {file = "black-23.1.0-cp311-cp311-manylinux_2_17_x86_64.manylinux2014_x86_64.whl", hash = "sha256:2bf649fda611c8550ca9d7592b69f0637218c2369b7744694c5e4902873b2f3a"},
    {file = "black-23.1.0-cp311-cp311-win_amd64.whl", hash = "sha256:121ca7f10b4a01fd99951234abdbd97728e1240be89fde18480ffac16503d481"},
    {file = "black-23.1.0-cp37-cp37m-macosx_10_16_x86_64.whl", hash = "sha256:a8471939da5e824b891b25751955be52ee7f8a30a916d570a5ba8e0f2eb2ecad"},
    {file = "black-23.1.0-cp37-cp37m-manylinux_2_17_x86_64.manylinux2014_x86_64.whl", hash = "sha256:8178318cb74f98bc571eef19068f6ab5613b3e59d4f47771582f04e175570ed8"},
    {file = "black-23.1.0-cp37-cp37m-win_amd64.whl", hash = "sha256:a436e7881d33acaf2536c46a454bb964a50eff59b21b51c6ccf5a40601fbef24"},
    {file = "black-23.1.0-cp38-cp38-macosx_10_16_arm64.whl", hash = "sha256:a59db0a2094d2259c554676403fa2fac3473ccf1354c1c63eccf7ae65aac8ab6"},
    {file = "black-23.1.0-cp38-cp38-macosx_10_16_universal2.whl", hash = "sha256:0052dba51dec07ed029ed61b18183942043e00008ec65d5028814afaab9a22fd"},
    {file = "black-23.1.0-cp38-cp38-macosx_10_16_x86_64.whl", hash = "sha256:49f7b39e30f326a34b5c9a4213213a6b221d7ae9d58ec70df1c4a307cf2a1580"},
    {file = "black-23.1.0-cp38-cp38-manylinux_2_17_x86_64.manylinux2014_x86_64.whl", hash = "sha256:162e37d49e93bd6eb6f1afc3e17a3d23a823042530c37c3c42eeeaf026f38468"},
    {file = "black-23.1.0-cp38-cp38-win_amd64.whl", hash = "sha256:8b70eb40a78dfac24842458476135f9b99ab952dd3f2dab738c1881a9b38b753"},
    {file = "black-23.1.0-cp39-cp39-macosx_10_16_arm64.whl", hash = "sha256:a29650759a6a0944e7cca036674655c2f0f63806ddecc45ed40b7b8aa314b651"},
    {file = "black-23.1.0-cp39-cp39-macosx_10_16_universal2.whl", hash = "sha256:bb460c8561c8c1bec7824ecbc3ce085eb50005883a6203dcfb0122e95797ee06"},
    {file = "black-23.1.0-cp39-cp39-macosx_10_16_x86_64.whl", hash = "sha256:c91dfc2c2a4e50df0026f88d2215e166616e0c80e86004d0003ece0488db2739"},
    {file = "black-23.1.0-cp39-cp39-manylinux_2_17_x86_64.manylinux2014_x86_64.whl", hash = "sha256:2a951cc83ab535d248c89f300eccbd625e80ab880fbcfb5ac8afb5f01a258ac9"},
    {file = "black-23.1.0-cp39-cp39-win_amd64.whl", hash = "sha256:0680d4380db3719ebcfb2613f34e86c8e6d15ffeabcf8ec59355c5e7b85bb555"},
    {file = "black-23.1.0-py3-none-any.whl", hash = "sha256:7a0f701d314cfa0896b9001df70a530eb2472babb76086344e688829efd97d32"},
    {file = "black-23.1.0.tar.gz", hash = "sha256:b0bd97bea8903f5a2ba7219257a44e3f1f9d00073d6cc1add68f0beec69692ac"},
]

[package.dependencies]
click = ">=8.0.0"
mypy-extensions = ">=0.4.3"
packaging = ">=22.0"
pathspec = ">=0.9.0"
platformdirs = ">=2"

[package.extras]
colorama = ["colorama (>=0.4.3)"]
d = ["aiohttp (>=3.7.4)"]
jupyter = ["ipython (>=7.8.0)", "tokenize-rt (>=3.2.0)"]
uvloop = ["uvloop (>=0.15.2)"]

[[package]]
name = "click"
version = "8.1.3"
description = "Composable command line interface toolkit"
category = "dev"
optional = false
python-versions = ">=3.7"
files = [
    {file = "click-8.1.3-py3-none-any.whl", hash = "sha256:bb4d8133cb15a609f44e8213d9b391b0809795062913b383c62be0ee95b1db48"},
    {file = "click-8.1.3.tar.gz", hash = "sha256:7682dc8afb30297001674575ea00d1814d808d6a36af415a82bd481d37ba7b8e"},
]

[package.dependencies]
colorama = {version = "*", markers = "platform_system == \"Windows\""}

[[package]]
name = "colorama"
version = "0.4.6"
description = "Cross-platform colored terminal text."
category = "dev"
optional = false
python-versions = "!=3.0.*,!=3.1.*,!=3.2.*,!=3.3.*,!=3.4.*,!=3.5.*,!=3.6.*,>=2.7"
files = [
    {file = "colorama-0.4.6-py2.py3-none-any.whl", hash = "sha256:4f1d9991f5acc0ca119f9d443620b77f9d6b33703e51011c16baf57afb285fc6"},
    {file = "colorama-0.4.6.tar.gz", hash = "sha256:08695f5cb7ed6e0531a20572697297273c47b8cae5a63ffc6d6ed5c201be6e44"},
]

[[package]]
name = "cytoolz"
version = "0.12.1"
description = "Cython implementation of Toolz: High performance functional utilities"
category = "main"
optional = false
python-versions = ">=3.6"
files = [
    {file = "cytoolz-0.12.1-cp310-cp310-macosx_10_9_x86_64.whl", hash = "sha256:5c59bb4ca88e1c69931468bf21f91c8f64d8bf1999eb163b7a2df336f60c304a"},
    {file = "cytoolz-0.12.1-cp310-cp310-macosx_11_0_arm64.whl", hash = "sha256:4d700e011156ff112966c6d77faaae125fcaf538f4cec2b9ce8957de82858f0f"},
    {file = "cytoolz-0.12.1-cp310-cp310-manylinux_2_17_aarch64.manylinux2014_aarch64.whl", hash = "sha256:23c3f57c48eb939d2986eba4aeaeedf930ebf94d58c91a42d4e0fc45ed5427dc"},
    {file = "cytoolz-0.12.1-cp310-cp310-manylinux_2_17_ppc64le.manylinux2014_ppc64le.whl", hash = "sha256:25ff13c468c06da9ef26651dc389e7e8bb7af548f8c1dfb96305f57f18d398a8"},
    {file = "cytoolz-0.12.1-cp310-cp310-manylinux_2_17_s390x.manylinux2014_s390x.whl", hash = "sha256:a734511144309ea6e105406633affb74e303a3df07d8a3954f9b01946e27ecb1"},
    {file = "cytoolz-0.12.1-cp310-cp310-manylinux_2_17_x86_64.manylinux2014_x86_64.whl", hash = "sha256:48bc2f30d1b2646d675bb8e7778ab59379bf9edc59fe06fb0e7f85ba1271bf44"},
    {file = "cytoolz-0.12.1-cp310-cp310-manylinux_2_5_i686.manylinux1_i686.manylinux_2_17_i686.manylinux2014_i686.whl", hash = "sha256:30936ae8fa68b6a1ac8ad6c4bacb5a8a00d51bc6c89f9614a1557b0105d09f8a"},
    {file = "cytoolz-0.12.1-cp310-cp310-musllinux_1_1_aarch64.whl", hash = "sha256:efd1b2da3ee577fcfa723a214f73186aef9674dd5b28242d90443c7a82722b0f"},
    {file = "cytoolz-0.12.1-cp310-cp310-musllinux_1_1_i686.whl", hash = "sha256:6805b007af3557ee6c20dab491b6e55a8177f5b6845d9e6c653374d540366ba7"},
    {file = "cytoolz-0.12.1-cp310-cp310-musllinux_1_1_ppc64le.whl", hash = "sha256:a6e63fc67b23830947b51e0a488992e3c904fce825ead565f3904dcf621d05f7"},
    {file = "cytoolz-0.12.1-cp310-cp310-musllinux_1_1_s390x.whl", hash = "sha256:9e324a94856d88ecf10f34c102d0ded67d7c3cf644153d77e34a29720ce6aa47"},
    {file = "cytoolz-0.12.1-cp310-cp310-musllinux_1_1_x86_64.whl", hash = "sha256:02975e2b1e61e47e9afa311f4c1783d155136fad37c54a1cebfe991c5a0798a1"},
    {file = "cytoolz-0.12.1-cp310-cp310-win32.whl", hash = "sha256:b6569f6038133909cd658dbdcc6fc955f791dc47a7f5b55d2066f742253dcbfe"},
    {file = "cytoolz-0.12.1-cp310-cp310-win_amd64.whl", hash = "sha256:1be368623e46ad3c1ce807e7a436acb119c26001507b31f92ceb21b86e08c386"},
    {file = "cytoolz-0.12.1-cp311-cp311-macosx_10_9_x86_64.whl", hash = "sha256:849f461bffa1e7700ccfcb5186df29cd4cdcc9efdb7199cb8b5681dc37045d72"},
    {file = "cytoolz-0.12.1-cp311-cp311-macosx_11_0_arm64.whl", hash = "sha256:4284120c978fb7039901bf6e66832cb3e82ac1b2a107512e735bdb04fd5533ed"},
    {file = "cytoolz-0.12.1-cp311-cp311-manylinux_2_17_aarch64.manylinux2014_aarch64.whl", hash = "sha256:2ec296f01c29c809698eaf677211b6255691295c2b35caab2131e1e7eaadfbac"},
    {file = "cytoolz-0.12.1-cp311-cp311-manylinux_2_17_ppc64le.manylinux2014_ppc64le.whl", hash = "sha256:37c53f456a1c84566a7d911eec57c4c6280b915ab0600e7671582793cc2769fe"},
    {file = "cytoolz-0.12.1-cp311-cp311-manylinux_2_17_s390x.manylinux2014_s390x.whl", hash = "sha256:1b6761791973b1e839b8309d5853b40eeb413368e31beaf5f2b6ed44c6fc7cf0"},
    {file = "cytoolz-0.12.1-cp311-cp311-manylinux_2_17_x86_64.manylinux2014_x86_64.whl", hash = "sha256:ff478682e8ee6dbaa37201bb71bf4a6eee744006ab000e8f5cea05066fc7c845"},
    {file = "cytoolz-0.12.1-cp311-cp311-manylinux_2_5_i686.manylinux1_i686.manylinux_2_17_i686.manylinux2014_i686.whl", hash = "sha256:867bebe6be30ee36a836f9b835790762a74f46be8cc339ea57b68dcecdbc1133"},
    {file = "cytoolz-0.12.1-cp311-cp311-musllinux_1_1_aarch64.whl", hash = "sha256:7e903df991f0957e2b271a37bb25d28e0d260c52825ae67507d15ca55a935961"},
    {file = "cytoolz-0.12.1-cp311-cp311-musllinux_1_1_i686.whl", hash = "sha256:e797c4afb1b7962d3205b1959e1051f7e6bfbba29da44042a9efc2391f1feb38"},
    {file = "cytoolz-0.12.1-cp311-cp311-musllinux_1_1_ppc64le.whl", hash = "sha256:b8eceaa12b7f152b046b67cb053ec2b5b00f73593983de69bc5e63a8aca4a7a8"},
    {file = "cytoolz-0.12.1-cp311-cp311-musllinux_1_1_s390x.whl", hash = "sha256:b575393dd431b8e211de35bd593d831dac870172b16e2b7934f3566b8fc89377"},
    {file = "cytoolz-0.12.1-cp311-cp311-musllinux_1_1_x86_64.whl", hash = "sha256:3032c0ba42dee5836d6b57a72a569b65df2c29e8ed266cb900d569003cf933a9"},
    {file = "cytoolz-0.12.1-cp311-cp311-win32.whl", hash = "sha256:c576bd63495150385b8d05eaae775387f378be2fd9805d3ffb4d17c87271fbad"},
    {file = "cytoolz-0.12.1-cp311-cp311-win_amd64.whl", hash = "sha256:421b224dc4157a0d66625acb5798cf50858cfa06a5232d39a8bd6cf1fa88aca3"},
    {file = "cytoolz-0.12.1-cp36-cp36m-macosx_10_9_x86_64.whl", hash = "sha256:be5a454a95797343d0fb1ed02caecae73a023b1393c112951c84f17ec9f4076c"},
    {file = "cytoolz-0.12.1-cp36-cp36m-manylinux_2_17_aarch64.manylinux2014_aarch64.whl", hash = "sha256:061387aa39b9c1576c25d0c59142513c09e77a2a07bd5d6211a43c7a758b6f45"},
    {file = "cytoolz-0.12.1-cp36-cp36m-manylinux_2_17_ppc64le.manylinux2014_ppc64le.whl", hash = "sha256:14f4dbc3f0ec8f6fc68865489af21dcf042ff007d2737c27bfd73296f15db544"},
    {file = "cytoolz-0.12.1-cp36-cp36m-manylinux_2_17_s390x.manylinux2014_s390x.whl", hash = "sha256:a816bff6bf424753e1ac2441902ceaf37ae6718b745a53f6aa1a60c617fb4f5f"},
    {file = "cytoolz-0.12.1-cp36-cp36m-manylinux_2_17_x86_64.manylinux2014_x86_64.whl", hash = "sha256:633f19d1990b1cf9c67dce9c28bf8b5a18e42785d15548607a100e1236384d5d"},
    {file = "cytoolz-0.12.1-cp36-cp36m-manylinux_2_5_i686.manylinux1_i686.manylinux_2_17_i686.manylinux2014_i686.whl", hash = "sha256:6fa7009c843667868aa8bdb3d68e5ef3d6356dd418b17ed5ca4e1340e82483a5"},
    {file = "cytoolz-0.12.1-cp36-cp36m-musllinux_1_1_aarch64.whl", hash = "sha256:1c29dd04e282ddfd45b457e3551075beec9128aa9271245e58ce924bf6e055f8"},
    {file = "cytoolz-0.12.1-cp36-cp36m-musllinux_1_1_i686.whl", hash = "sha256:cd35c0be4c46274129dd1678bb911dd4e93d23968b26f4e39cd55bc7cb3b1bac"},
    {file = "cytoolz-0.12.1-cp36-cp36m-musllinux_1_1_ppc64le.whl", hash = "sha256:5158ae6d8dd112d003f677039a3613ca7d2592bfe35d7accf23684edb961fc26"},
    {file = "cytoolz-0.12.1-cp36-cp36m-musllinux_1_1_s390x.whl", hash = "sha256:7eb9e6fa8a82c3d2f519f7d3942898a97792e3895569e9501b9431048289b82f"},
    {file = "cytoolz-0.12.1-cp36-cp36m-musllinux_1_1_x86_64.whl", hash = "sha256:ac6784cc43aec51a86cf9058a2a343084f8cf46a9281bea5762bfa608127c53b"},
    {file = "cytoolz-0.12.1-cp36-cp36m-win32.whl", hash = "sha256:794cce219bbcb2f36ca220f27d5afd64eaa854e04901bd6f240be156a578b607"},
    {file = "cytoolz-0.12.1-cp36-cp36m-win_amd64.whl", hash = "sha256:695dd8231e4f1bfb9a2363775a6e4e56ad9d2058058f817203a49614f4bfe33b"},
    {file = "cytoolz-0.12.1-cp37-cp37m-macosx_10_9_x86_64.whl", hash = "sha256:b1bd8017ef0da935a20106272c5f5ff6b1114add1ccb09cfed1ff7ec5cc01c6d"},
    {file = "cytoolz-0.12.1-cp37-cp37m-manylinux_2_17_aarch64.manylinux2014_aarch64.whl", hash = "sha256:56e1ebf6eb4438b8c45cbe7e7b22fc65df0c9efa97a70d3bf2f51e08b19756a5"},
    {file = "cytoolz-0.12.1-cp37-cp37m-manylinux_2_17_ppc64le.manylinux2014_ppc64le.whl", hash = "sha256:816c2038008ebf50d81171ddfae377f1af9e71d504ec609469dcb0906bfcf2ae"},
    {file = "cytoolz-0.12.1-cp37-cp37m-manylinux_2_17_s390x.manylinux2014_s390x.whl", hash = "sha256:9bebe58f7a160db7838eb70990c704db4bdc2d58bd364290fd69be0587be8bac"},
    {file = "cytoolz-0.12.1-cp37-cp37m-manylinux_2_17_x86_64.manylinux2014_x86_64.whl", hash = "sha256:a72440305f634604827f96810e4469877b89f5c060d6852267650a49b0e3768c"},
    {file = "cytoolz-0.12.1-cp37-cp37m-manylinux_2_5_i686.manylinux1_i686.manylinux_2_17_i686.manylinux2014_i686.whl", hash = "sha256:b46ebc463bb45f278a2b94e630061c26e10077cb68d4c93583d8f4199699a5ef"},
    {file = "cytoolz-0.12.1-cp37-cp37m-musllinux_1_1_aarch64.whl", hash = "sha256:e75e287787e6adafed9d8c3d3e7647c0b5eb460221f9f92d7dfe48b45ba77c0d"},
    {file = "cytoolz-0.12.1-cp37-cp37m-musllinux_1_1_i686.whl", hash = "sha256:03ab22c9aeb1535f8647d23b6520b0c3d41aaa18d04ef42b352dde1931f2e2b1"},
    {file = "cytoolz-0.12.1-cp37-cp37m-musllinux_1_1_ppc64le.whl", hash = "sha256:b2ac288f27a2689d9e39f4cf4df5437a8eb038eaae515169586c77f9f8fb343a"},
    {file = "cytoolz-0.12.1-cp37-cp37m-musllinux_1_1_s390x.whl", hash = "sha256:97a24c0d0806fcf9a6e75fc18aeb95adc37eb0baf6451f10a2de23ffd815329d"},
    {file = "cytoolz-0.12.1-cp37-cp37m-musllinux_1_1_x86_64.whl", hash = "sha256:42c9e5cd2a48a257b1f2402334b48122501f249b8dcf77082f569f2680f185eb"},
    {file = "cytoolz-0.12.1-cp37-cp37m-win32.whl", hash = "sha256:35fae4eaa0eaf9072a5fe2d244a79e65baae4e5ddbe9cc629c5037af800213a2"},
    {file = "cytoolz-0.12.1-cp37-cp37m-win_amd64.whl", hash = "sha256:5af43ca7026ead3dd08b261e4f7163cd2cf3ceaa74fa5a81f7b7ea5d445e41d6"},
    {file = "cytoolz-0.12.1-cp38-cp38-macosx_10_9_x86_64.whl", hash = "sha256:fcc378fa97f02fbcef090b3611305425d72bd1c0afdd13ef4a82dc67d40638b6"},
    {file = "cytoolz-0.12.1-cp38-cp38-macosx_11_0_arm64.whl", hash = "sha256:cc3645cf6b9246cb8e179db2803e4f0d148211d2a2cf22d5c9b5219111cd91a0"},
    {file = "cytoolz-0.12.1-cp38-cp38-manylinux_2_17_aarch64.manylinux2014_aarch64.whl", hash = "sha256:2b245b824f4705aef0e4a03fafef3ad6cb59ef43cc564cdbf683ee28dfc11ad5"},
    {file = "cytoolz-0.12.1-cp38-cp38-manylinux_2_17_ppc64le.manylinux2014_ppc64le.whl", hash = "sha256:c1964dcb5f250fd13fac210944b20810d61ef4094a17fbbe502ab7a7eaeeace7"},
    {file = "cytoolz-0.12.1-cp38-cp38-manylinux_2_17_s390x.manylinux2014_s390x.whl", hash = "sha256:f7194a22a4a24f3561cb6ad1cca9c9b2f2cf34cc8d4bce6d6a24c80960323fa8"},
    {file = "cytoolz-0.12.1-cp38-cp38-manylinux_2_17_x86_64.manylinux2014_x86_64.whl", hash = "sha256:e1c5434db53f3a94a37ad8aedb231901e001995d899af6ed1165f3d27fa04a6a"},
    {file = "cytoolz-0.12.1-cp38-cp38-manylinux_2_5_i686.manylinux1_i686.manylinux_2_17_i686.manylinux2014_i686.whl", hash = "sha256:b30cd083ef8af4ba66d9fe5cc75c653ede3f2655f97a032db1a14cc8a006719c"},
    {file = "cytoolz-0.12.1-cp38-cp38-musllinux_1_1_aarch64.whl", hash = "sha256:bef934bd3e024d512c6c0ad1c66eb173f61d9ccb4dbca8d75f727a5604f7c2f6"},
    {file = "cytoolz-0.12.1-cp38-cp38-musllinux_1_1_i686.whl", hash = "sha256:37320669c364f7d370392af33cc1034b4563da66c22cd3261e3530f4d30dbe4b"},
    {file = "cytoolz-0.12.1-cp38-cp38-musllinux_1_1_ppc64le.whl", hash = "sha256:3cb95d23defb2322cddf70efb4af6dac191d95edaa343e8c1f58f1afa4f92ecd"},
    {file = "cytoolz-0.12.1-cp38-cp38-musllinux_1_1_s390x.whl", hash = "sha256:ac5895d5f78dbd8646fe37266655ba4995f9cfec38a86595282fee69e41787da"},
    {file = "cytoolz-0.12.1-cp38-cp38-musllinux_1_1_x86_64.whl", hash = "sha256:499af2aff04f65b4c23de1df08e1d1484a93b23ddaaa0163e44b5070b68356eb"},
    {file = "cytoolz-0.12.1-cp38-cp38-win32.whl", hash = "sha256:aa61e3da751a2dfe95aeca603f3ef510071a136ba9905f61ae6cb5d0696271ad"},
    {file = "cytoolz-0.12.1-cp38-cp38-win_amd64.whl", hash = "sha256:f5b43ce952a5a31441556c55f5f5f5a8e62c28581a0ff2a2c31c04ef992d73bd"},
    {file = "cytoolz-0.12.1-cp39-cp39-macosx_10_9_x86_64.whl", hash = "sha256:b8b8f88251b84b3877254cdd59c86a1dc6b2b39a03c6c9c067d344ef879562e0"},
    {file = "cytoolz-0.12.1-cp39-cp39-macosx_11_0_arm64.whl", hash = "sha256:d72415b0110f7958dd3a5ee98a70166f47bd42ede85e3535669c794d06f57406"},
    {file = "cytoolz-0.12.1-cp39-cp39-manylinux_2_17_aarch64.manylinux2014_aarch64.whl", hash = "sha256:f8101ab6de5aa0b26a2b5032bc488d430010c91863e701812d65836b03a12f61"},
    {file = "cytoolz-0.12.1-cp39-cp39-manylinux_2_17_ppc64le.manylinux2014_ppc64le.whl", hash = "sha256:2eed428b5e68c28abf2c71195e799850e040d67a27c05f7785319c611665b86a"},
    {file = "cytoolz-0.12.1-cp39-cp39-manylinux_2_17_s390x.manylinux2014_s390x.whl", hash = "sha256:59641eb1f41cb688b3cb2f98c9003c493a5024325f76b5c02333d08dd972127c"},
    {file = "cytoolz-0.12.1-cp39-cp39-manylinux_2_17_x86_64.manylinux2014_x86_64.whl", hash = "sha256:2a48940ff0449ffcf690310bf9228bb57885f7571406ed2fe05c98e299987195"},
    {file = "cytoolz-0.12.1-cp39-cp39-manylinux_2_5_i686.manylinux1_i686.manylinux_2_17_i686.manylinux2014_i686.whl", hash = "sha256:9bae431a5985cdb2014be09d37206c288e0d063940cf9539e9769bd2ec26b220"},
    {file = "cytoolz-0.12.1-cp39-cp39-musllinux_1_1_aarch64.whl", hash = "sha256:cb8b10405960a8e6801a4702af98ea640130ec6ecfc1208195762de3f5503ba9"},
    {file = "cytoolz-0.12.1-cp39-cp39-musllinux_1_1_i686.whl", hash = "sha256:3c9a16a5b4f54d5c0a131f56b0ca65998a9a74958b5b36840c280edba4f8b907"},
    {file = "cytoolz-0.12.1-cp39-cp39-musllinux_1_1_ppc64le.whl", hash = "sha256:49911cb533c96d275e31e7eaeb0742ac3f7afe386a1d8c40937814d75039a0f7"},
    {file = "cytoolz-0.12.1-cp39-cp39-musllinux_1_1_s390x.whl", hash = "sha256:dbae37d48ef5a0ab90cfaf2b9312d96f034b1c828208a9cbe25377a1b19ba129"},
    {file = "cytoolz-0.12.1-cp39-cp39-musllinux_1_1_x86_64.whl", hash = "sha256:c34e69be4429633fc614febe3127fa03aa418a1abb9252f29d9ba5b3394573a5"},
    {file = "cytoolz-0.12.1-cp39-cp39-win32.whl", hash = "sha256:0d474dacbafbdbb44c7de986bbf71ff56ae62df0d52ab3b6fa966784dc88737a"},
    {file = "cytoolz-0.12.1-cp39-cp39-win_amd64.whl", hash = "sha256:3d6d0b0075731832343eb88229cea4bf39e96f3fc7acbc449aadbdfec2842703"},
    {file = "cytoolz-0.12.1-pp37-pypy37_pp73-macosx_10_9_x86_64.whl", hash = "sha256:8506d1863f30d26f577c4ed59d2cfd03d2f39569f9cbaa02a764a9de73d312d5"},
    {file = "cytoolz-0.12.1-pp37-pypy37_pp73-manylinux_2_17_aarch64.manylinux2014_aarch64.whl", hash = "sha256:1a1eae39656a1685e8b3f433eecfd72015ce5c1d7519e9c8f9402153c68331bb"},
    {file = "cytoolz-0.12.1-pp37-pypy37_pp73-manylinux_2_5_i686.manylinux1_i686.manylinux_2_17_i686.manylinux2014_i686.whl", hash = "sha256:4a0055943074c6c85b77fcc3f42f7c54010a3478daa2ed9d6243d0411c84a4d3"},
    {file = "cytoolz-0.12.1-pp37-pypy37_pp73-manylinux_2_5_x86_64.manylinux1_x86_64.manylinux_2_17_x86_64.manylinux2014_x86_64.whl", hash = "sha256:a8a7a325b8fe885a6dd91093616c703134f2dacbd869bc519970df3849c2a15b"},
    {file = "cytoolz-0.12.1-pp37-pypy37_pp73-win_amd64.whl", hash = "sha256:7b60caf0fa5f1b49f1062f7dc0f66c7b23e2736bad50fa8296bfb845995e3051"},
    {file = "cytoolz-0.12.1-pp38-pypy38_pp73-macosx_10_9_x86_64.whl", hash = "sha256:980e7eb7205e01816a92f3290cfc80507957e64656b9271a0dfebb85fe3718c0"},
    {file = "cytoolz-0.12.1-pp38-pypy38_pp73-manylinux_2_17_aarch64.manylinux2014_aarch64.whl", hash = "sha256:06d38a40fe153f23cda0e823413fe9d9ebee89dd461827285316eff929fb121e"},
    {file = "cytoolz-0.12.1-pp38-pypy38_pp73-manylinux_2_5_i686.manylinux1_i686.manylinux_2_17_i686.manylinux2014_i686.whl", hash = "sha256:d540e9c34a61b53b6a374ea108794a48388178f7889d772e364cdbd6df37774c"},
    {file = "cytoolz-0.12.1-pp38-pypy38_pp73-manylinux_2_5_x86_64.manylinux1_x86_64.manylinux_2_17_x86_64.manylinux2014_x86_64.whl", hash = "sha256:117871f036926e42d3abcee587eafa9dc7383f1064ac53a806d33e76604de311"},
    {file = "cytoolz-0.12.1-pp38-pypy38_pp73-win_amd64.whl", hash = "sha256:31131b54a0c72efc0eb432dc66df546c6a54f2a7d396c9a34cf65ac1c26b1df8"},
    {file = "cytoolz-0.12.1-pp39-pypy39_pp73-macosx_10_9_x86_64.whl", hash = "sha256:4534cbfad73cdb1a6dad495530d4186d57d73089c01e9cb0558caab50e46cb3b"},
    {file = "cytoolz-0.12.1-pp39-pypy39_pp73-manylinux_2_17_aarch64.manylinux2014_aarch64.whl", hash = "sha256:50db41e875e36aec11881b8b12bc69c6f4836b7dd9e88a9e5bbf26c2cb3ba6cd"},
    {file = "cytoolz-0.12.1-pp39-pypy39_pp73-manylinux_2_5_i686.manylinux1_i686.manylinux_2_17_i686.manylinux2014_i686.whl", hash = "sha256:6716855f9c669c9e25a185d88e0f169839bf8553d16496796325acd114607c11"},
    {file = "cytoolz-0.12.1-pp39-pypy39_pp73-manylinux_2_5_x86_64.manylinux1_x86_64.manylinux_2_17_x86_64.manylinux2014_x86_64.whl", hash = "sha256:2f32452e833f0605b871626e6c61b71b0cba24233aad0e04accc3240497d4995"},
    {file = "cytoolz-0.12.1-pp39-pypy39_pp73-win_amd64.whl", hash = "sha256:ba74c239fc6cb6e962eabc420967c7565f3f363b776c89b3df5234caecf1f463"},
    {file = "cytoolz-0.12.1.tar.gz", hash = "sha256:fc33909397481c90de3cec831bfb88d97e220dc91939d996920202f184b4648e"},
]

[package.dependencies]
toolz = ">=0.8.0"

[package.extras]
cython = ["cython"]

[[package]]
name = "iniconfig"
version = "2.0.0"
description = "brain-dead simple config-ini parsing"
category = "dev"
optional = false
python-versions = ">=3.7"
files = [
    {file = "iniconfig-2.0.0-py3-none-any.whl", hash = "sha256:b6a85871a79d2e3b22d2d1b94ac2824226a63c6b741c88f7ae975f18b6778374"},
    {file = "iniconfig-2.0.0.tar.gz", hash = "sha256:2d91e135bf72d31a410b17c16da610a82cb55f6b0477d1a902134b24a455b8b3"},
]

[[package]]
name = "mypy-extensions"
version = "1.0.0"
description = "Type system extensions for programs checked with the mypy type checker."
category = "dev"
optional = false
python-versions = ">=3.5"
files = [
    {file = "mypy_extensions-1.0.0-py3-none-any.whl", hash = "sha256:4392f6c0eb8a5668a69e23d168ffa70f0be9ccfd32b5cc2d26a34ae5b844552d"},
    {file = "mypy_extensions-1.0.0.tar.gz", hash = "sha256:75dbf8955dc00442a438fc4d0666508a9a97b6bd41aa2f0ffe9d2f2725af0782"},
]

[[package]]
name = "packaging"
version = "23.0"
description = "Core utilities for Python packages"
category = "dev"
optional = false
python-versions = ">=3.7"
files = [
    {file = "packaging-23.0-py3-none-any.whl", hash = "sha256:714ac14496c3e68c99c29b00845f7a2b85f3bb6f1078fd9f72fd20f0570002b2"},
    {file = "packaging-23.0.tar.gz", hash = "sha256:b6ad297f8907de0fa2fe1ccbd26fdaf387f5f47c7275fedf8cce89f99446cf97"},
]

[[package]]
name = "pathspec"
version = "0.11.1"
description = "Utility library for gitignore style pattern matching of file paths."
category = "dev"
optional = false
python-versions = ">=3.7"
files = [
    {file = "pathspec-0.11.1-py3-none-any.whl", hash = "sha256:d8af70af76652554bd134c22b3e8a1cc46ed7d91edcdd721ef1a0c51a84a5293"},
    {file = "pathspec-0.11.1.tar.gz", hash = "sha256:2798de800fa92780e33acca925945e9a19a133b715067cf165b8866c15a31687"},
]

[[package]]
name = "platformdirs"
version = "3.1.1"
description = "A small Python package for determining appropriate platform-specific dirs, e.g. a \"user data dir\"."
category = "dev"
optional = false
python-versions = ">=3.7"
files = [
    {file = "platformdirs-3.1.1-py3-none-any.whl", hash = "sha256:e5986afb596e4bb5bde29a79ac9061aa955b94fca2399b7aaac4090860920dd8"},
    {file = "platformdirs-3.1.1.tar.gz", hash = "sha256:024996549ee88ec1a9aa99ff7f8fc819bb59e2c3477b410d90a16d32d6e707aa"},
]

[package.extras]
docs = ["furo (>=2022.12.7)", "proselint (>=0.13)", "sphinx (>=6.1.3)", "sphinx-autodoc-typehints (>=1.22,!=1.23.4)"]
test = ["appdirs (==1.4.4)", "covdefaults (>=2.2.2)", "pytest (>=7.2.1)", "pytest-cov (>=4)", "pytest-mock (>=3.10)"]

[[package]]
name = "pluggy"
version = "1.0.0"
description = "plugin and hook calling mechanisms for python"
category = "dev"
optional = false
python-versions = ">=3.6"
files = [
    {file = "pluggy-1.0.0-py2.py3-none-any.whl", hash = "sha256:74134bbf457f031a36d68416e1509f34bd5ccc019f0bcc952c7b909d06b37bd3"},
    {file = "pluggy-1.0.0.tar.gz", hash = "sha256:4224373bacce55f955a878bf9cfa763c1e360858e330072059e10bad68531159"},
]

[package.extras]
dev = ["pre-commit", "tox"]
testing = ["pytest", "pytest-benchmark"]

[[package]]
name = "pygame"
version = "2.3.0"
description = "Python Game Development"
category = "main"
optional = false
python-versions = ">=3.6"
files = [
    {file = "pygame-2.3.0-cp310-cp310-macosx_10_9_x86_64.whl", hash = "sha256:3e9535cf1af0c6ca38d94e0b492fc41057d7bf05e9bd64d3ed3e216d336d6d11"},
    {file = "pygame-2.3.0-cp310-cp310-macosx_11_0_arm64.whl", hash = "sha256:23bd3c3a6d4e8acddee2297d609dbc5953d6ba99b0f0cc5ccc2f567889db3785"},
    {file = "pygame-2.3.0-cp310-cp310-manylinux_2_12_i686.manylinux2010_i686.whl", hash = "sha256:619eed2d97f28af9d4cdb217a5517fd6f59b873f2f1d31b4489ed852b9a175c3"},
    {file = "pygame-2.3.0-cp310-cp310-manylinux_2_12_x86_64.manylinux2010_x86_64.whl", hash = "sha256:9ccac73a8c913809ba2c1408d750abf14e45666b3c83493370441c52e99222b4"},
    {file = "pygame-2.3.0-cp310-cp310-manylinux_2_17_aarch64.manylinux2014_aarch64.whl", hash = "sha256:0ec8e691407b6c91525b2d7c8386fd6232b97d8f8c33d134ec0c0165b1d52c24"},
    {file = "pygame-2.3.0-cp310-cp310-manylinux_2_17_i686.manylinux2014_i686.whl", hash = "sha256:8308b21804d137a3b7cafbd020d2159eb5bcc18ffc9c3993b20311069c326a2c"},
    {file = "pygame-2.3.0-cp310-cp310-manylinux_2_17_x86_64.manylinux2014_x86_64.whl", hash = "sha256:a1d737db18f4c94b620613c6a047a3a1eecc0f36df7d5da4070de575930cc5f0"},
    {file = "pygame-2.3.0-cp310-cp310-win32.whl", hash = "sha256:788717d0b9a0d0828a763381e1eb6a127ceef815f9a91ff52217ed4b78df62fc"},
    {file = "pygame-2.3.0-cp310-cp310-win_amd64.whl", hash = "sha256:e3948be800b5f251a0741ec3aab3ca508dfc391095726a69af7064fa4d3e0547"},
    {file = "pygame-2.3.0-cp311-cp311-macosx_10_9_x86_64.whl", hash = "sha256:82e5806fd797bd1b27fae705683f6822ae5276ec9cda42e6e21bba61985b763a"},
    {file = "pygame-2.3.0-cp311-cp311-macosx_11_0_arm64.whl", hash = "sha256:fab0457ab07e8abb99de2b83c0a71f98bdf79afb01ff611873e4333fd8649f02"},
    {file = "pygame-2.3.0-cp311-cp311-manylinux_2_17_aarch64.manylinux2014_aarch64.whl", hash = "sha256:ad8fa7a91fa8f2a4fa46366142763675a0a11b7c34b06dfc20b1095d116da820"},
    {file = "pygame-2.3.0-cp311-cp311-manylinux_2_17_i686.manylinux2014_i686.whl", hash = "sha256:cfff49dbb7fcc2a9a88e3f25fda7f181ee4957fd89df78c47fa64c689d19b8a9"},
    {file = "pygame-2.3.0-cp311-cp311-manylinux_2_17_x86_64.manylinux2014_x86_64.whl", hash = "sha256:a5afd712bd7307d034e6940f3025c4b769656fd4cbb38fbdbd6af0f93d6c8386"},
    {file = "pygame-2.3.0-cp311-cp311-win32.whl", hash = "sha256:fa18acc2d6f0d09575802e1db11845fc0f83f9777cc385c51380125df92f3dc9"},
    {file = "pygame-2.3.0-cp311-cp311-win_amd64.whl", hash = "sha256:101c57141d705ca1930377c324d2c7acd3099f1b4ac676981bdf5d5b329842c8"},
    {file = "pygame-2.3.0-cp36-cp36m-macosx_10_9_x86_64.whl", hash = "sha256:17730a2ed1001e5876745702c92906ad31ecedc13825efba56a0cba92e273b7a"},
    {file = "pygame-2.3.0-cp36-cp36m-manylinux_2_12_i686.manylinux2010_i686.whl", hash = "sha256:4b334f6dd6c1412dd4b161a8562b7a422db957f67b7eb93e927606e2dd435882"},
    {file = "pygame-2.3.0-cp36-cp36m-manylinux_2_12_x86_64.manylinux2010_x86_64.whl", hash = "sha256:4db1b103025fd4b451dfa409c0da16d2ff31714ae82bdf45b1434863cd69370b"},
    {file = "pygame-2.3.0-cp36-cp36m-manylinux_2_17_aarch64.manylinux2014_aarch64.whl", hash = "sha256:d339f90cc30de4b013670de84abd46de4be602d5c52bbe4e569fa15d17b204ca"},
    {file = "pygame-2.3.0-cp36-cp36m-manylinux_2_17_i686.manylinux2014_i686.whl", hash = "sha256:a7390815dad55a2db9f8daac6f2c2e593801daea2d674433a72b91ea1caee0d3"},
    {file = "pygame-2.3.0-cp36-cp36m-manylinux_2_17_x86_64.manylinux2014_x86_64.whl", hash = "sha256:59a1e473c627acf369b30bb52fb5f39d1f68f8c204aa857578b72f07a23c952b"},
    {file = "pygame-2.3.0-cp36-cp36m-manylinux_2_5_i686.manylinux1_i686.whl", hash = "sha256:228514c0d034c840b8ee6bf99185df34ac15e6a6a99684b8a3900124417c8d8f"},
    {file = "pygame-2.3.0-cp36-cp36m-manylinux_2_5_x86_64.manylinux1_x86_64.whl", hash = "sha256:a8b315203925724f89a81a741682589ba1c36ec858d98e6accb7501ece9e99a3"},
    {file = "pygame-2.3.0-cp36-cp36m-win32.whl", hash = "sha256:38642c6cc6477db6ebddd52be39bad0a9e19cf097f83feaaf8e7573b9a9d2405"},
    {file = "pygame-2.3.0-cp36-cp36m-win_amd64.whl", hash = "sha256:525e11a2b9182ec84d690634016009e382ab8b488593c3f150a0b8aae28aa165"},
    {file = "pygame-2.3.0-cp37-cp37m-macosx_10_9_x86_64.whl", hash = "sha256:32bdf1d5d9e0763779d0b915d4617253949a6c118c4c6b5ae1a77cf1df964e4c"},
    {file = "pygame-2.3.0-cp37-cp37m-manylinux_2_12_i686.manylinux2010_i686.whl", hash = "sha256:f57b1ee40387e43ab5c3cf20437283477b5ef52ead4bb1d9bff254ef9ee70623"},
    {file = "pygame-2.3.0-cp37-cp37m-manylinux_2_12_x86_64.manylinux2010_x86_64.whl", hash = "sha256:6ccde93b51d2393216f98e8f81cf5cc628513d837c89dcf5b588f52031659c09"},
    {file = "pygame-2.3.0-cp37-cp37m-manylinux_2_17_aarch64.manylinux2014_aarch64.whl", hash = "sha256:c60be419d7cca1222895dfe9d520628b7346015208382a19fa678356a22664b3"},
    {file = "pygame-2.3.0-cp37-cp37m-manylinux_2_17_i686.manylinux2014_i686.whl", hash = "sha256:43f238229b3a9e5692ba5a31638f1c148257b37a49ef21f03b23b34d7f00b2d9"},
    {file = "pygame-2.3.0-cp37-cp37m-manylinux_2_17_x86_64.manylinux2014_x86_64.whl", hash = "sha256:d628637d4f0c55613f258b84eef932faf89e683aa842f4fd483a676f44a38606"},
    {file = "pygame-2.3.0-cp37-cp37m-manylinux_2_5_i686.manylinux1_i686.whl", hash = "sha256:35f5a9cc7a9a2ea3d048e418e79f30e1506cb47015939330903026c636761aab"},
    {file = "pygame-2.3.0-cp37-cp37m-manylinux_2_5_x86_64.manylinux1_x86_64.whl", hash = "sha256:703d5def9d4dbe9c358f63151bee4a55e328dd7737e692f52522bc44be7c7c8c"},
    {file = "pygame-2.3.0-cp37-cp37m-win32.whl", hash = "sha256:53e9418c457fa549294feee7947bc0b24b048b4eba133f0e757dd2348d15af3b"},
    {file = "pygame-2.3.0-cp37-cp37m-win_amd64.whl", hash = "sha256:0a664cd6c50870f6749c389a8844318afc8a2d02f8cb7b05d67930fdf99252bd"},
    {file = "pygame-2.3.0-cp38-cp38-macosx_10_9_x86_64.whl", hash = "sha256:bf236758429d9b9cdadd1fcf40901588818ee440178b932409c40157ab41e902"},
    {file = "pygame-2.3.0-cp38-cp38-macosx_11_0_arm64.whl", hash = "sha256:3d035ba196c258876a87451fa7de65b62c087d7016e51000e8d95bc67c8584f7"},
    {file = "pygame-2.3.0-cp38-cp38-manylinux_2_12_i686.manylinux2010_i686.whl", hash = "sha256:57180b3aabbe17d8017aa724887019943d96ea69810f4315f5c1b7d4f64861f9"},
    {file = "pygame-2.3.0-cp38-cp38-manylinux_2_12_x86_64.manylinux2010_x86_64.whl", hash = "sha256:246f75f67d2ad4c2dad21b1f35c6092d67c4c0db13b2fa0a42d794e6e2794f47"},
    {file = "pygame-2.3.0-cp38-cp38-manylinux_2_17_aarch64.manylinux2014_aarch64.whl", hash = "sha256:033352321cc49d60fdc3c3ae4b3e10ecb6614846fb2eb3453c729aba48a2874d"},
    {file = "pygame-2.3.0-cp38-cp38-manylinux_2_17_i686.manylinux2014_i686.whl", hash = "sha256:3ee86606c6c7f61176ed24b427fa230fe4fc9f552aa555b8db21ddb608b4ce88"},
    {file = "pygame-2.3.0-cp38-cp38-manylinux_2_17_x86_64.manylinux2014_x86_64.whl", hash = "sha256:d949e93fbdaf5b43f69a484639104c07028f93686c8305afb0d8e382fde8ff5d"},
    {file = "pygame-2.3.0-cp38-cp38-manylinux_2_5_i686.manylinux1_i686.whl", hash = "sha256:f2acf958513bd1612960ec68aa5e388262218f7365db59e54e1ee68a55bc544b"},
    {file = "pygame-2.3.0-cp38-cp38-manylinux_2_5_x86_64.manylinux1_x86_64.whl", hash = "sha256:6c5d33355dfb66382bcac1fcf3db64ba71bc9e97082db3ae45a7a0d335e73268"},
    {file = "pygame-2.3.0-cp38-cp38-win32.whl", hash = "sha256:1eda9f30d376d4205e8204e542ab1348dcbb31755c8ba38772e48a3b2f91b2fc"},
    {file = "pygame-2.3.0-cp38-cp38-win_amd64.whl", hash = "sha256:b507df9ea606a87c29e5028b8de9f35066a15f6a5d7f3e5b47b3719e9403f924"},
    {file = "pygame-2.3.0-cp39-cp39-macosx_10_9_x86_64.whl", hash = "sha256:25c1b1819211aaa0f98264e6b670a496a9975079d5ae2dffd304b0aca6b1aa3c"},
    {file = "pygame-2.3.0-cp39-cp39-macosx_11_0_arm64.whl", hash = "sha256:e516bc6bba5455817bbb0038f4c44d1914aac13c7f7954dee9213c9ae28bd9ac"},
    {file = "pygame-2.3.0-cp39-cp39-manylinux_2_12_i686.manylinux2010_i686.whl", hash = "sha256:740b9f311c693b00d86a89cc6846afc1d1e013b006975eb8be0b18d5481c5b32"},
    {file = "pygame-2.3.0-cp39-cp39-manylinux_2_12_x86_64.manylinux2010_x86_64.whl", hash = "sha256:932034e1738873a55c4e2eb83b6e8c03f9a55feaa6a04a7da7b1e0e5a5050b4a"},
    {file = "pygame-2.3.0-cp39-cp39-manylinux_2_17_aarch64.manylinux2014_aarch64.whl", hash = "sha256:774233845099d632de676ad4d4dd08ba27ebce5bfa550b1dc9f6cce145e21c35"},
    {file = "pygame-2.3.0-cp39-cp39-manylinux_2_17_i686.manylinux2014_i686.whl", hash = "sha256:4f79a3c5e7f24474d6e722d597ee03d2b0d17958c77d4307787147cf339b4ad9"},
    {file = "pygame-2.3.0-cp39-cp39-manylinux_2_17_x86_64.manylinux2014_x86_64.whl", hash = "sha256:84fad9538012f1d6b298dcf690c4336e0317fe97ac10993b4d847ff547e919dd"},
    {file = "pygame-2.3.0-cp39-cp39-manylinux_2_5_i686.manylinux1_i686.whl", hash = "sha256:910678441d02c3b55ac59fcbc4220a824b094407de084734b5d84e0900d6448b"},
    {file = "pygame-2.3.0-cp39-cp39-manylinux_2_5_x86_64.manylinux1_x86_64.whl", hash = "sha256:653ec5102b9cb13a24e26663a81d7810790e56b88113b90aa5fdca681c01a5b9"},
    {file = "pygame-2.3.0-cp39-cp39-win32.whl", hash = "sha256:e62607c86e02d29ba5cb00837f73b1dce7b325a1f1f6d93150a0f96fa68da1a1"},
    {file = "pygame-2.3.0-cp39-cp39-win_amd64.whl", hash = "sha256:90931a210325274184860d898df4e87a0972654edbb2a6185afcdce32244dfb6"},
    {file = "pygame-2.3.0-pp36-pypy36_pp73-win32.whl", hash = "sha256:1dc89d825e0ccba5ba3605abbd83be1401e0a32de7ab64b9647a6bb1ecb0a4f7"},
    {file = "pygame-2.3.0-pp37-pypy37_pp73-manylinux_2_17_i686.manylinux2014_i686.whl", hash = "sha256:e323b75abda43345aff5ab2f6b1c017135f937f8a114d7aac8d95a07d200e19f"},
    {file = "pygame-2.3.0-pp37-pypy37_pp73-manylinux_2_17_x86_64.manylinux2014_x86_64.whl", hash = "sha256:e13de2947c496fcb600fa4b5cd00a5fa33d4b3af9d13c169a5f79268268de0a8"},
    {file = "pygame-2.3.0-pp38-pypy38_pp73-macosx_10_9_x86_64.whl", hash = "sha256:555234ed6b08242af95406fd3eb43255c3ce8e915e8c751f2d411bd40d574df4"},
    {file = "pygame-2.3.0-pp38-pypy38_pp73-manylinux_2_17_i686.manylinux2014_i686.whl", hash = "sha256:858d3968aebaca5015ef0ec82c513114a3c3fe64ce910222cfa852a39f03b135"},
    {file = "pygame-2.3.0-pp38-pypy38_pp73-manylinux_2_17_x86_64.manylinux2014_x86_64.whl", hash = "sha256:250b3ec3f90b05ad50cb0070d994a0a1f39fffe8181fc9508b8749884c313431"},
    {file = "pygame-2.3.0-pp39-pypy39_pp73-macosx_10_9_x86_64.whl", hash = "sha256:a5e83bd89da26f8360e02d5de2d2575981b0ebad81ea6d48aba610dabf167b88"},
    {file = "pygame-2.3.0-pp39-pypy39_pp73-manylinux_2_17_i686.manylinux2014_i686.whl", hash = "sha256:c2961d44593aaa99580971e4123db00d4ca72fb4b30fa56350b3f6792331a41e"},
    {file = "pygame-2.3.0-pp39-pypy39_pp73-manylinux_2_17_x86_64.manylinux2014_x86_64.whl", hash = "sha256:385163fd1ed8809a72be68fddc9c76876c304e8712695aff2ea49adf3831caf9"},
    {file = "pygame-2.3.0.tar.gz", hash = "sha256:884b92c9cbf0bfaf8b8dd0f75a746613c55447d307ddd1addf903709b3b9f89f"},
]

[[package]]
name = "pytest"
version = "7.2.2"
description = "pytest: simple powerful testing with Python"
category = "dev"
optional = false
python-versions = ">=3.7"
files = [
    {file = "pytest-7.2.2-py3-none-any.whl", hash = "sha256:130328f552dcfac0b1cec75c12e3f005619dc5f874f0a06e8ff7263f0ee6225e"},
    {file = "pytest-7.2.2.tar.gz", hash = "sha256:c99ab0c73aceb050f68929bc93af19ab6db0558791c6a0715723abe9d0ade9d4"},
]

[package.dependencies]
attrs = ">=19.2.0"
colorama = {version = "*", markers = "sys_platform == \"win32\""}
iniconfig = "*"
packaging = "*"
pluggy = ">=0.12,<2.0"

[package.extras]
testing = ["argcomplete", "hypothesis (>=3.56)", "mock", "nose", "pygments (>=2.7.2)", "requests", "xmlschema"]

[[package]]
name = "toolz"
version = "0.12.0"
description = "List processing tools and functional utilities"
category = "main"
optional = false
python-versions = ">=3.5"
files = [
    {file = "toolz-0.12.0-py3-none-any.whl", hash = "sha256:2059bd4148deb1884bb0eb770a3cde70e7f954cfbbdc2285f1f2de01fd21eb6f"},
    {file = "toolz-0.12.0.tar.gz", hash = "sha256:88c570861c440ee3f2f6037c4654613228ff40c93a6c25e0eba70d17282c6194"},
]

[metadata]
lock-version = "2.0"
python-versions = "^3.11"
content-hash = "c996f18b520d4d350a3108959bb32e8853551ba27e191af1e7c3d37a00cc5b83"
